// !$*UTF8*$!
{
	archiveVersion = 1;
	classes = {
	};
	objectVersion = 46;
	objects = {

		4EEFE5D357BA209348BDF3A7 = {isa = PBXBuildFile; fileRef = 9FD9A490357B308EBAA9026F; };
		7DD550BBFA41648454E546A7 = {isa = PBXBuildFile; fileRef = E1A6F274E188A67A55E7D358; };
		03BCADBC44CE1F3BA9BF5C24 = {isa = PBXBuildFile; fileRef = 2AC2B19DC66DCFB23AC76E6F; };
		91EA2C8CE56C441F52C712D0 = {isa = PBXBuildFile; fileRef = D39E14AE77EB61DD41A1BF98; };
		24D6F4DB0F536127523E882A = {isa = PBXBuildFile; fileRef = 49673731CFAD9A8D95FBD2EF; };
		C9D086936F8EB64BD17395FE = {isa = PBXBuildFile; fileRef = 2966F5F2ADEEF13A0D4B970A; };
		987DD67D4FF05C2E9841F8AC = {isa = PBXBuildFile; fileRef = CFABD0F02840AEC9EED0212F; };
		8FAEA39019170543B30E3042 = {isa = PBXBuildFile; fileRef = 90205F1970E11B70B8E2A38E; };
		29CB3C69037FC2669C11D65C = {isa = PBXBuildFile; fileRef = 399F63F72344311B0273964A; };
		EBB6230FE29CFFD8E572B5BC = {isa = PBXBuildFile; fileRef = 7265D10FB9517FE5A11EA2B2; };
		9C2C6EF7DD52F0B710652956 = {isa = PBXBuildFile; fileRef = 164C0BD8C635C2E9157DADFC; };
		92227EFEFD513FE201B35A71 = {isa = PBXBuildFile; fileRef = BCD5FD9DD5DA9F6E63303E51; };
		D40C39BFD2C472D888CC901C = {isa = PBXBuildFile; fileRef = 2E667FE491CF2899FD2FEB61; };
		044FD67DD632336F8B4E1F1E = {isa = PBXBuildFile; fileRef = FE0864CE77CF0418574EBC86; };
		5C10FA1CF99377B909ABCD33 = {isa = PBXBuildFile; fileRef = F3C220A08BBA581D51A056FD; };
		088D9322AE3A3E2A02965A15 = {isa = PBXBuildFile; fileRef = EB978E4AD77D7D4B3E516F2E; };
		D7E4D14173A82667FF51008C = {isa = PBXBuildFile; fileRef = 67EFE596B65C59677113283B; };
		9CA55726DD3E8A413FC64028 = {isa = PBXBuildFile; fileRef = 0675D9A0B50DF39D30ED5BAD; };
		20DDB0BD67EAFF706E6800E5 = {isa = PBXBuildFile; fileRef = 2AD8E2163AE9346524440C22; };
		16EAFB0DB06E972D034BAF3F = {isa = PBXBuildFile; fileRef = 8CA4813A652F93EE725BD9B7; };
		CD2963A5B1595B3DB48CB768 = {isa = PBXBuildFile; fileRef = 641EBDFD75E6BEB65F28A8A6; };
		605D7C721A96E7A3FCDB2D83 = {isa = PBXBuildFile; fileRef = C43DCFD53AD87D4020E027F2; };
		94FCF209AD29AB478EEC59E5 = {isa = PBXBuildFile; fileRef = 04F65CFDB35682437768DD51; };
		54180CEA649C559D29022B00 = {isa = PBXBuildFile; fileRef = 733C58C5582FE4F31A187ED4; };
		0CD8B426518A023E4599438C = {isa = PBXBuildFile; fileRef = D0AFCF5AA8FA4B935487F1A6; };
		C3103908748789ACBB6A23D9 = {isa = PBXBuildFile; fileRef = 1E5556E3810C9FAE3C6259F5; };
		EE1C5104FD63C14DB375B7B5 = {isa = PBXBuildFile; fileRef = 04D26209811DA591D52FA92E; };
		03A43543B7F1D033347C2E66 = {isa = PBXBuildFile; fileRef = 4691A50E2364473F89653337; };
		353BFF7C179CD52A881162A1 = {isa = PBXBuildFile; fileRef = 0F12251A147DADCAA5AD37DA; };
		D4F3C6BE4EF22590B9AAABFA = {isa = PBXBuildFile; fileRef = D477D68CEE6A5D3B225F9769; };
		6CE9638699A45491F51574D5 = {isa = PBXBuildFile; fileRef = 9A84EC5945C48FCF61C1BE4B; };
		07AA3F5E476E49769BDEA2AF = {isa = PBXBuildFile; fileRef = A648EED58127B40D2EF2B761; };
		0D8CB0E65BF4A894FB291C23 = {isa = PBXBuildFile; fileRef = D36D2BF907507F9CB6EE484F; };
		4B513B6D9651692501C71514 = {isa = PBXBuildFile; fileRef = 81AB357E7A31F0E50960BCD1; };
		3EC3871E96763176918EC56E = {isa = PBXBuildFile; fileRef = 91060FF08F5AA62FE066D4CF; };
		FAF3166D932587FA96E42A48 = {isa = PBXBuildFile; fileRef = BBE511E9B4CBF19A17FFFAAB; };
		46CBDD692CE1F049F97332BE = {isa = PBXBuildFile; fileRef = 326DA6E4D9D7E3029AC7CF60; };
		476ABAC44B72025D788357EC = {isa = PBXBuildFile; fileRef = AE4CC7A40CDE61AFEB58FDE2; };
		F7F248748F09CDD6B3D99C63 = {isa = PBXBuildFile; fileRef = 7B9DC04727BBFB07A2EA393E; };
		11F6D768A55258CED0E8F41B = {isa = PBXBuildFile; fileRef = 387B11DB3120C6C78B33B4FB; };
		455E0817AC415B357B2CB56C = {isa = PBXBuildFile; fileRef = 95D3BEEC6D4C5BF0A99B3D06; };
		4B0E378E538C2C2D0DC244F8 = {isa = PBXBuildFile; fileRef = 6286D0AF4CE9BAAB76859FF6; };
		93F6C83E3737799217F10A2D = {isa = PBXBuildFile; fileRef = 2C40DB0FB8688D88537F6B75; };
		D7BAE3BA47491DACED967476 = {isa = PBXBuildFile; fileRef = 2FF06FFA194941E76D07F447; };
		21ACA8C0E1EFECF873F76896 = {isa = PBXBuildFile; fileRef = F0E5B013FBD32E2FF1FE5D20; };
		3080F3AF91915111F2B7DEA8 = {isa = PBXBuildFile; fileRef = 8E2FC30F9335A6668B8CEDFC; };
		29A3681E07903AE222DA58B9 = {isa = PBXBuildFile; fileRef = 133D2C10C108C3848912795C; };
		04D26209811DA591D52FA92E = {isa = PBXFileReference; lastKnownFileType = sourcecode.cpp.objcpp; name = "include_juce_audio_formats.mm"; path = "../../JuceLibraryCode/include_juce_audio_formats.mm"; sourceTree = "SOURCE_ROOT"; };
		04F65CFDB35682437768DD51 = {isa = PBXFileReference; lastKnownFileType = sourcecode.cpp.cpp; name = PluginEditor.cpp; path = ../../Source/PluginEditor.cpp; sourceTree = "SOURCE_ROOT"; };
		0675D9A0B50DF39D30ED5BAD = {isa = PBXFileReference; lastKnownFileType = wrapper.framework; name = OpenGL.framework; path = System/Library/Frameworks/OpenGL.framework; sourceTree = SDKROOT; };
		0F12251A147DADCAA5AD37DA = {isa = PBXFileReference; lastKnownFileType = sourcecode.cpp.objcpp; name = "include_juce_audio_plugin_client_AU_1.mm"; path = "../../JuceLibraryCode/include_juce_audio_plugin_client_AU_1.mm"; sourceTree = "SOURCE_ROOT"; };
		0F9DE2225C7E1DD684EE6CC8 = {isa = PBXFileReference; lastKnownFileType = sourcecode.c.h; name = PluginEditor.h; path = ../../Source/PluginEditor.h; sourceTree = "SOURCE_ROOT"; };
		133D2C10C108C3848912795C = {isa = PBXFileReference; lastKnownFileType = sourcecode.cpp.objcpp; name = "include_stk_wrapper.mm"; path = "../../JuceLibraryCode/include_stk_wrapper.mm"; sourceTree = "SOURCE_ROOT"; };
		164C0BD8C635C2E9157DADFC = {isa = PBXFileReference; lastKnownFileType = wrapper.framework; name = Cocoa.framework; path = System/Library/Frameworks/Cocoa.framework; sourceTree = SDKROOT; };
		18892FBADDE7BC2F87C05EF9 = {isa = PBXFileReference; lastKnownFileType = file; name = "juce_audio_devices"; path = "../../../../../../Applications/JUCE/modules/juce_audio_devices"; sourceTree = "SOURCE_ROOT"; };
		1E5556E3810C9FAE3C6259F5 = {isa = PBXFileReference; lastKnownFileType = sourcecode.cpp.objcpp; name = "include_juce_audio_devices.mm"; path = "../../JuceLibraryCode/include_juce_audio_devices.mm"; sourceTree = "SOURCE_ROOT"; };
		2966F5F2ADEEF13A0D4B970A = {isa = PBXFileReference; lastKnownFileType = wrapper.framework; name = AudioToolbox.framework; path = System/Library/Frameworks/AudioToolbox.framework; sourceTree = SDKROOT; };
		2AD8E2163AE9346524440C22 = {isa = PBXFileReference; lastKnownFileType = wrapper.framework; name = QuartzCore.framework; path = System/Library/Frameworks/QuartzCore.framework; sourceTree = SDKROOT; };
		2C0D0E1F56A801B8F3E79ACE = {isa = PBXFileReference; lastKnownFileType = file; name = "juce_data_structures"; path = "../../../../../../Applications/JUCE/modules/juce_data_structures"; sourceTree = "SOURCE_ROOT"; };
		2C40DB0FB8688D88537F6B75 = {isa = PBXFileReference; lastKnownFileType = sourcecode.cpp.objcpp; name = "include_juce_gui_basics.mm"; path = "../../JuceLibraryCode/include_juce_gui_basics.mm"; sourceTree = "SOURCE_ROOT"; };
		2E667FE491CF2899FD2FEB61 = {isa = PBXFileReference; lastKnownFileType = wrapper.framework; name = CoreAudioKit.framework; path = System/Library/Frameworks/CoreAudioKit.framework; sourceTree = SDKROOT; };
		2E80667B563EFE19173A5CA5 = {isa = PBXFileReference; lastKnownFileType = file; name = "juce_video"; path = "../../../../../../Applications/JUCE/modules/juce_video"; sourceTree = "SOURCE_ROOT"; };
		2FF06FFA194941E76D07F447 = {isa = PBXFileReference; lastKnownFileType = sourcecode.cpp.objcpp; name = "include_juce_gui_extra.mm"; path = "../../JuceLibraryCode/include_juce_gui_extra.mm"; sourceTree = "SOURCE_ROOT"; };
		30289368405D1AC4FAF44525 = {isa = PBXFileReference; lastKnownFileType = file; name = "juce_audio_basics"; path = "../../../../../../Applications/JUCE/modules/juce_audio_basics"; sourceTree = "SOURCE_ROOT"; };
		326DA6E4D9D7E3029AC7CF60 = {isa = PBXFileReference; lastKnownFileType = sourcecode.cpp.objcpp; name = "include_juce_core.mm"; path = "../../JuceLibraryCode/include_juce_core.mm"; sourceTree = "SOURCE_ROOT"; };
		387B11DB3120C6C78B33B4FB = {isa = PBXFileReference; lastKnownFileType = sourcecode.cpp.objcpp; name = "include_juce_dsp.mm"; path = "../../JuceLibraryCode/include_juce_dsp.mm"; sourceTree = "SOURCE_ROOT"; };
		399F63F72344311B0273964A = {isa = PBXFileReference; lastKnownFileType = wrapper.framework; name = AVKit.framework; path = System/Library/Frameworks/AVKit.framework; sourceTree = SDKROOT; };
		3A29193FB76BE53F5A7F6891 = {isa = PBXFileReference; lastKnownFileType = file; name = "juce_gui_basics"; path = "../../../../../../Applications/JUCE/modules/juce_gui_basics"; sourceTree = "SOURCE_ROOT"; };
		43EBD2101C8C440C25C8F951 = {isa = PBXFileReference; lastKnownFileType = file; name = "juce_dsp"; path = "../../../../../../Applications/JUCE/modules/juce_dsp"; sourceTree = "SOURCE_ROOT"; };
		4691A50E2364473F89653337 = {isa = PBXFileReference; lastKnownFileType = file.r; name = "include_juce_audio_plugin_client_AU.r"; path = "../../JuceLibraryCode/include_juce_audio_plugin_client_AU.r"; sourceTree = "SOURCE_ROOT"; };
		50A2791840F45EF0B43C666D = {isa = PBXFileReference; lastKnownFileType = sourcecode.c.h; name = CImg.h; path = ../../Source/cimg/CImg.h; sourceTree = "SOURCE_ROOT"; };
		515AB08AEC8E988E659DBCE3 = {isa = PBXFileReference; lastKnownFileType = file; name = "juce_cryptography"; path = "../../../../../../Applications/JUCE/modules/juce_cryptography"; sourceTree = "SOURCE_ROOT"; };
		5215C93CE9B2E7E82148C035 = {isa = PBXFileReference; lastKnownFileType = image.jpeg; name = ripples.jpg; path = ../../Source/images/ripples.jpg; sourceTree = "SOURCE_ROOT"; };
		5EBBF5137AF499186D36CD1A = {isa = PBXFileReference; lastKnownFileType = file; name = "juce_audio_processors"; path = "../../../../../../Applications/JUCE/modules/juce_audio_processors"; sourceTree = "SOURCE_ROOT"; };
		5F29DAAFF441AB102D859B30 = {isa = PBXFileReference; lastKnownFileType = sourcecode.c.h; name = AppConfig.h; path = ../../JuceLibraryCode/AppConfig.h; sourceTree = "SOURCE_ROOT"; };
		624B6B4722525EE4158BB769 = {isa = PBXFileReference; lastKnownFileType = image.jpeg; name = droplet.jpg; path = ../../Source/images/droplet.jpg; sourceTree = "SOURCE_ROOT"; };
		6286D0AF4CE9BAAB76859FF6 = {isa = PBXFileReference; lastKnownFileType = sourcecode.cpp.objcpp; name = "include_juce_graphics.mm"; path = "../../JuceLibraryCode/include_juce_graphics.mm"; sourceTree = "SOURCE_ROOT"; };
		67EFE596B65C59677113283B = {isa = PBXFileReference; lastKnownFileType = wrapper.framework; name = IOKit.framework; path = System/Library/Frameworks/IOKit.framework; sourceTree = SDKROOT; };
		6CF6CDE533D0D74B755C0DE8 = {isa = PBXFileReference; lastKnownFileType = text.plist.xml; name = "Info-Standalone_Plugin.plist"; path = "Info-Standalone_Plugin.plist"; sourceTree = "SOURCE_ROOT"; };
		9FD9A490357B308EBAA9026F = {isa = PBXFileReference; explicitFileType = wrapper.cfbundle; includeInIndex = 0; path = Vacancy.vst; sourceTree = "BUILT_PRODUCTS_DIR"; };
		E1A6F274E188A67A55E7D358 = {isa = PBXFileReference; explicitFileType = wrapper.cfbundle; includeInIndex = 0; path = Vacancy.component; sourceTree = "BUILT_PRODUCTS_DIR"; };
		2AC2B19DC66DCFB23AC76E6F = {isa = PBXFileReference; explicitFileType = wrapper.application; includeInIndex = 0; path = Vacancy.app; sourceTree = "BUILT_PRODUCTS_DIR"; };
		49673731CFAD9A8D95FBD2EF = {isa = PBXFileReference; lastKnownFileType = wrapper.framework; name = Accelerate.framework; path = System/Library/Frameworks/Accelerate.framework; sourceTree = SDKROOT; };
		641EBDFD75E6BEB65F28A8A6 = {isa = PBXFileReference; lastKnownFileType = file.nib; name = RecentFilesMenuTemplate.nib; path = RecentFilesMenuTemplate.nib; sourceTree = "SOURCE_ROOT"; };
		66FC121EA868F1F146F8B23B = {isa = PBXFileReference; lastKnownFileType = file; name = "juce_events"; path = "../../../../../../Applications/JUCE/modules/juce_events"; sourceTree = "SOURCE_ROOT"; };
		67A6899D7163FAFF49C44D75 = {isa = PBXFileReference; lastKnownFileType = file; name = "juce_audio_plugin_client"; path = "../../../../../../Applications/JUCE/modules/juce_audio_plugin_client"; sourceTree = "SOURCE_ROOT"; };
		7265D10FB9517FE5A11EA2B2 = {isa = PBXFileReference; lastKnownFileType = wrapper.framework; name = Carbon.framework; path = System/Library/Frameworks/Carbon.framework; sourceTree = SDKROOT; };
		733C58C5582FE4F31A187ED4 = {isa = PBXFileReference; lastKnownFileType = sourcecode.cpp.cpp; name = BinaryData.cpp; path = ../../JuceLibraryCode/BinaryData.cpp; sourceTree = "SOURCE_ROOT"; };
		7B9DC04727BBFB07A2EA393E = {isa = PBXFileReference; lastKnownFileType = sourcecode.cpp.objcpp; name = "include_juce_data_structures.mm"; path = "../../JuceLibraryCode/include_juce_data_structures.mm"; sourceTree = "SOURCE_ROOT"; };
		7C62A9ED786F669F7EF18890 = {isa = PBXFileReference; lastKnownFileType = text.plist.xml; name = "Info-AU.plist"; path = "Info-AU.plist"; sourceTree = "SOURCE_ROOT"; };
		81AB357E7A31F0E50960BCD1 = {isa = PBXFileReference; lastKnownFileType = sourcecode.cpp.cpp; name = "include_juce_audio_plugin_client_VST2.cpp"; path = "../../JuceLibraryCode/include_juce_audio_plugin_client_VST2.cpp"; sourceTree = "SOURCE_ROOT"; };
		8AB29649A87BD97E2FA731AC = {isa = PBXFileReference; lastKnownFileType = text.plist.xml; name = Vacancy.entitlements; path = Vacancy.entitlements; sourceTree = "SOURCE_ROOT"; };
		8CA4813A652F93EE725BD9B7 = {isa = PBXFileReference; lastKnownFileType = wrapper.framework; name = WebKit.framework; path = System/Library/Frameworks/WebKit.framework; sourceTree = SDKROOT; };
		8D73C7D2831A2D82B4078694 = {isa = PBXFileReference; lastKnownFileType = file; name = "juce_graphics"; path = "../../../../../../Applications/JUCE/modules/juce_graphics"; sourceTree = "SOURCE_ROOT"; };
		8E2FC30F9335A6668B8CEDFC = {isa = PBXFileReference; lastKnownFileType = sourcecode.cpp.objcpp; name = "include_juce_video.mm"; path = "../../JuceLibraryCode/include_juce_video.mm"; sourceTree = "SOURCE_ROOT"; };
		90205F1970E11B70B8E2A38E = {isa = PBXFileReference; lastKnownFileType = wrapper.framework; name = AVFoundation.framework; path = System/Library/Frameworks/AVFoundation.framework; sourceTree = SDKROOT; };
		91060FF08F5AA62FE066D4CF = {isa = PBXFileReference; lastKnownFileType = sourcecode.cpp.objcpp; name = "include_juce_audio_processors.mm"; path = "../../JuceLibraryCode/include_juce_audio_processors.mm"; sourceTree = "SOURCE_ROOT"; };
		95D3BEEC6D4C5BF0A99B3D06 = {isa = PBXFileReference; lastKnownFileType = sourcecode.cpp.objcpp; name = "include_juce_events.mm"; path = "../../JuceLibraryCode/include_juce_events.mm"; sourceTree = "SOURCE_ROOT"; };
		99B889A6B80F695CFCCD664C = {isa = PBXFileReference; lastKnownFileType = image.jpeg; name = choppy.jpg; path = ../../Source/images/choppy.jpg; sourceTree = "SOURCE_ROOT"; };
		9A84EC5945C48FCF61C1BE4B = {isa = PBXFileReference; lastKnownFileType = sourcecode.cpp.cpp; name = "include_juce_audio_plugin_client_Standalone.cpp"; path = "../../JuceLibraryCode/include_juce_audio_plugin_client_Standalone.cpp"; sourceTree = "SOURCE_ROOT"; };
		A648EED58127B40D2EF2B761 = {isa = PBXFileReference; lastKnownFileType = sourcecode.cpp.cpp; name = "include_juce_audio_plugin_client_utils.cpp"; path = "../../JuceLibraryCode/include_juce_audio_plugin_client_utils.cpp"; sourceTree = "SOURCE_ROOT"; };
		AE4CC7A40CDE61AFEB58FDE2 = {isa = PBXFileReference; lastKnownFileType = sourcecode.cpp.objcpp; name = "include_juce_cryptography.mm"; path = "../../JuceLibraryCode/include_juce_cryptography.mm"; sourceTree = "SOURCE_ROOT"; };
		AFE8099865997F593333C3C7 = {isa = PBXFileReference; lastKnownFileType = file; name = "juce_core"; path = "../../../../../../Applications/JUCE/modules/juce_core"; sourceTree = "SOURCE_ROOT"; };
		B53AEC481D699EED662F2507 = {isa = PBXFileReference; lastKnownFileType = sourcecode.c.h; name = BinaryData.h; path = ../../JuceLibraryCode/BinaryData.h; sourceTree = "SOURCE_ROOT"; };
		B8291131EAB2F617BB31692C = {isa = PBXFileReference; lastKnownFileType = text.plist.xml; name = "Info-VST.plist"; path = "Info-VST.plist"; sourceTree = "SOURCE_ROOT"; };
		BA32FBAAA86FDED1D01F4F07 = {isa = PBXFileReference; lastKnownFileType = file; name = "stk_wrapper"; path = "../../../../../../Applications/JUCE/modules/stk_wrapper"; sourceTree = "SOURCE_ROOT"; };
		BBE511E9B4CBF19A17FFFAAB = {isa = PBXFileReference; lastKnownFileType = sourcecode.cpp.objcpp; name = "include_juce_audio_utils.mm"; path = "../../JuceLibraryCode/include_juce_audio_utils.mm"; sourceTree = "SOURCE_ROOT"; };
		BC1556FEB1D97C39F402CF1D = {isa = PBXFileReference; lastKnownFileType = sourcecode.c.h; name = JuceHeader.h; path = ../../JuceLibraryCode/JuceHeader.h; sourceTree = "SOURCE_ROOT"; };
		BCD5FD9DD5DA9F6E63303E51 = {isa = PBXFileReference; lastKnownFileType = wrapper.framework; name = CoreAudio.framework; path = System/Library/Frameworks/CoreAudio.framework; sourceTree = SDKROOT; };
		C43DCFD53AD87D4020E027F2 = {isa = PBXFileReference; lastKnownFileType = sourcecode.cpp.cpp; name = PluginProcessor.cpp; path = ../../Source/PluginProcessor.cpp; sourceTree = "SOURCE_ROOT"; };
		C9690E5E8F2E4F4B261EA51D = {isa = PBXFileReference; lastKnownFileType = sourcecode.c.h; name = PluginProcessor.h; path = ../../Source/PluginProcessor.h; sourceTree = "SOURCE_ROOT"; };
		CFABD0F02840AEC9EED0212F = {isa = PBXFileReference; lastKnownFileType = wrapper.framework; name = AudioUnit.framework; path = System/Library/Frameworks/AudioUnit.framework; sourceTree = SDKROOT; };
		D0AFCF5AA8FA4B935487F1A6 = {isa = PBXFileReference; lastKnownFileType = sourcecode.cpp.objcpp; name = "include_juce_audio_basics.mm"; path = "../../JuceLibraryCode/include_juce_audio_basics.mm"; sourceTree = "SOURCE_ROOT"; };
		D36D2BF907507F9CB6EE484F = {isa = PBXFileReference; lastKnownFileType = sourcecode.cpp.objcpp; name = "include_juce_audio_plugin_client_VST_utils.mm"; path = "../../JuceLibraryCode/include_juce_audio_plugin_client_VST_utils.mm"; sourceTree = "SOURCE_ROOT"; };
		D39E14AE77EB61DD41A1BF98 = {isa = PBXFileReference; explicitFileType = archive.ar; includeInIndex = 0; path = libVacancy.a; sourceTree = "BUILT_PRODUCTS_DIR"; };
		D477D68CEE6A5D3B225F9769 = {isa = PBXFileReference; lastKnownFileType = sourcecode.cpp.objcpp; name = "include_juce_audio_plugin_client_AU_2.mm"; path = "../../JuceLibraryCode/include_juce_audio_plugin_client_AU_2.mm"; sourceTree = "SOURCE_ROOT"; };
		E1099C711572261294CE2D4B = {isa = PBXFileReference; lastKnownFileType = file; name = "juce_audio_utils"; path = "../../../../../../Applications/JUCE/modules/juce_audio_utils"; sourceTree = "SOURCE_ROOT"; };
		E1F4F17534583C1FD1DAF605 = {isa = PBXFileReference; lastKnownFileType = file; name = "juce_opengl"; path = "../../../../../../Applications/JUCE/modules/juce_opengl"; sourceTree = "SOURCE_ROOT"; };
		E90B393E800D182420A122CB = {isa = PBXFileReference; lastKnownFileType = image.jpeg; name = surface.jpg; path = ../../Source/images/surface.jpg; sourceTree = "SOURCE_ROOT"; };
		EB978E4AD77D7D4B3E516F2E = {isa = PBXFileReference; lastKnownFileType = wrapper.framework; name = DiscRecording.framework; path = System/Library/Frameworks/DiscRecording.framework; sourceTree = SDKROOT; };
		ECAD5C06C2082A5C477774EB = {isa = PBXFileReference; lastKnownFileType = file; name = "juce_gui_extra"; path = "../../../../../../Applications/JUCE/modules/juce_gui_extra"; sourceTree = "SOURCE_ROOT"; };
		F0E5B013FBD32E2FF1FE5D20 = {isa = PBXFileReference; lastKnownFileType = sourcecode.cpp.objcpp; name = "include_juce_opengl.mm"; path = "../../JuceLibraryCode/include_juce_opengl.mm"; sourceTree = "SOURCE_ROOT"; };
		F3C220A08BBA581D51A056FD = {isa = PBXFileReference; lastKnownFileType = wrapper.framework; name = CoreMIDI.framework; path = System/Library/Frameworks/CoreMIDI.framework; sourceTree = SDKROOT; };
		FE0864CE77CF0418574EBC86 = {isa = PBXFileReference; lastKnownFileType = wrapper.framework; name = CoreMedia.framework; path = System/Library/Frameworks/CoreMedia.framework; sourceTree = SDKROOT; };
		FF4F96AC6B0B57A62C3775BA = {isa = PBXFileReference; lastKnownFileType = file; name = "juce_audio_formats"; path = "../../../../../../Applications/JUCE/modules/juce_audio_formats"; sourceTree = "SOURCE_ROOT"; };
		B95949426BAA8DB8205BB150 = {isa = PBXGroup; children = (
					50A2791840F45EF0B43C666D, ); name = cimg; sourceTree = "<group>"; };
		BEA12DE7656081764C937A6B = {isa = PBXGroup; children = (
					99B889A6B80F695CFCCD664C,
					624B6B4722525EE4158BB769,
					5215C93CE9B2E7E82148C035,
					E90B393E800D182420A122CB, ); name = images; sourceTree = "<group>"; };
		EC4A03F7078458EDF48BB8DA = {isa = PBXGroup; children = (
					C43DCFD53AD87D4020E027F2,
					C9690E5E8F2E4F4B261EA51D,
					04F65CFDB35682437768DD51,
					0F9DE2225C7E1DD684EE6CC8, ); name = Source; sourceTree = "<group>"; };
		69ACB680EBBD22FE7765C76C = {isa = PBXGroup; children = (
					B95949426BAA8DB8205BB150,
					BEA12DE7656081764C937A6B,
					EC4A03F7078458EDF48BB8DA, ); name = Vacancy; sourceTree = "<group>"; };
		AB3AD5F6ACD6C1CE36FB3C6D = {isa = PBXGroup; children = (
					30289368405D1AC4FAF44525,
					18892FBADDE7BC2F87C05EF9,
					FF4F96AC6B0B57A62C3775BA,
					67A6899D7163FAFF49C44D75,
					5EBBF5137AF499186D36CD1A,
					E1099C711572261294CE2D4B,
					AFE8099865997F593333C3C7,
					515AB08AEC8E988E659DBCE3,
					2C0D0E1F56A801B8F3E79ACE,
					43EBD2101C8C440C25C8F951,
					66FC121EA868F1F146F8B23B,
					8D73C7D2831A2D82B4078694,
					3A29193FB76BE53F5A7F6891,
					ECAD5C06C2082A5C477774EB,
					E1F4F17534583C1FD1DAF605,
					2E80667B563EFE19173A5CA5,
					BA32FBAAA86FDED1D01F4F07, ); name = "JUCE Modules"; sourceTree = "<group>"; };
		A9C13214A1084945F12B6E98 = {isa = PBXGroup; children = (
					5F29DAAFF441AB102D859B30,
					733C58C5582FE4F31A187ED4,
					B53AEC481D699EED662F2507,
					D0AFCF5AA8FA4B935487F1A6,
					1E5556E3810C9FAE3C6259F5,
					04D26209811DA591D52FA92E,
					4691A50E2364473F89653337,
					0F12251A147DADCAA5AD37DA,
					D477D68CEE6A5D3B225F9769,
					9A84EC5945C48FCF61C1BE4B,
					A648EED58127B40D2EF2B761,
					D36D2BF907507F9CB6EE484F,
					81AB357E7A31F0E50960BCD1,
					91060FF08F5AA62FE066D4CF,
					BBE511E9B4CBF19A17FFFAAB,
					326DA6E4D9D7E3029AC7CF60,
					AE4CC7A40CDE61AFEB58FDE2,
					7B9DC04727BBFB07A2EA393E,
					387B11DB3120C6C78B33B4FB,
					95D3BEEC6D4C5BF0A99B3D06,
					6286D0AF4CE9BAAB76859FF6,
					2C40DB0FB8688D88537F6B75,
					2FF06FFA194941E76D07F447,
					F0E5B013FBD32E2FF1FE5D20,
					8E2FC30F9335A6668B8CEDFC,
					133D2C10C108C3848912795C,
					BC1556FEB1D97C39F402CF1D, ); name = "JUCE Library Code"; sourceTree = "<group>"; };
		77F6FBDA109A8B84401C3178 = {isa = PBXGroup; children = (
					B8291131EAB2F617BB31692C,
					7C62A9ED786F669F7EF18890,
					6CF6CDE533D0D74B755C0DE8,
					641EBDFD75E6BEB65F28A8A6, ); name = Resources; sourceTree = "<group>"; };
		DC9426E1498375B7A4B0E21A = {isa = PBXGroup; children = (
					49673731CFAD9A8D95FBD2EF,
					2966F5F2ADEEF13A0D4B970A,
					CFABD0F02840AEC9EED0212F,
					90205F1970E11B70B8E2A38E,
					399F63F72344311B0273964A,
					7265D10FB9517FE5A11EA2B2,
					164C0BD8C635C2E9157DADFC,
					BCD5FD9DD5DA9F6E63303E51,
					2E667FE491CF2899FD2FEB61,
					FE0864CE77CF0418574EBC86,
					F3C220A08BBA581D51A056FD,
					EB978E4AD77D7D4B3E516F2E,
					67EFE596B65C59677113283B,
					0675D9A0B50DF39D30ED5BAD,
					2AD8E2163AE9346524440C22,
					8CA4813A652F93EE725BD9B7, ); name = Frameworks; sourceTree = "<group>"; };
		2755143A9D0C279CECE98065 = {isa = PBXGroup; children = (
					9FD9A490357B308EBAA9026F,
					E1A6F274E188A67A55E7D358,
					2AC2B19DC66DCFB23AC76E6F,
					D39E14AE77EB61DD41A1BF98, ); name = Products; sourceTree = "<group>"; };
		E53D0C0D19A95B3FF7679CFB = {isa = PBXGroup; children = (
					8AB29649A87BD97E2FA731AC,
					69ACB680EBBD22FE7765C76C,
					AB3AD5F6ACD6C1CE36FB3C6D,
					A9C13214A1084945F12B6E98,
					77F6FBDA109A8B84401C3178,
					DC9426E1498375B7A4B0E21A,
					2755143A9D0C279CECE98065, ); name = Source; sourceTree = "<group>"; };
		4ECCD203EA101B940D989C62 = {isa = XCBuildConfiguration; buildSettings = {
				MACOSX_DEPLOYMENT_TARGET = 10.11; }; name = Debug; };
		125C26593C520D0ADF14EB33 = {isa = XCBuildConfiguration; buildSettings = {
				MACOSX_DEPLOYMENT_TARGET = 10.11; }; name = Release; };
		E7F6246D38ACE6DCA0328457 = {isa = XCBuildConfiguration; buildSettings = {
				CLANG_CXX_LANGUAGE_STANDARD = "c++14";
				CLANG_LINK_OBJC_RUNTIME = NO;
				COMBINE_HIDPI_IMAGES = YES;
				CONFIGURATION_BUILD_DIR = "$(PROJECT_DIR)/build/$(CONFIGURATION)";
				COPY_PHASE_STRIP = NO;
				DEPLOYMENT_LOCATION = YES;
				DSTROOT = /;
				GCC_DYNAMIC_NO_PIC = NO;
				GCC_OPTIMIZATION_LEVEL = 0;
				GCC_PREPROCESSOR_DEFINITIONS = (
					"_DEBUG=1",
					"DEBUG=1",
					"JUCER_XCODE_MAC_F6D2F4CF=1",
					"JUCE_APP_VERSION=0.0.2",
					"JUCE_APP_VERSION_HEX=0x2",
					"JucePlugin_Build_VST=1",
					"JucePlugin_Build_VST3=0",
					"JucePlugin_Build_AU=0",
					"JucePlugin_Build_AUv3=0",
					"JucePlugin_Build_RTAS=0",
					"JucePlugin_Build_AAX=0",
					"JucePlugin_Build_Standalone=0", );
				GCC_VERSION = com.apple.compilers.llvm.clang.1_0;
				GENERATE_PKGINFO_FILE = YES;
				HEADER_SEARCH_PATHS = ("../../JuceLibraryCode", "../../../../../../Applications/JUCE/modules", "../../../../../../Applications/JUCE/modules/juce_audio_plugin_client", "$(inherited)");
				INFOPLIST_FILE = Info-VST.plist;
				INFOPLIST_PREPROCESS = NO;
				INSTALL_PATH = "$(HOME)/Library/Audio/Plug-Ins/VST/";
				LIBRARY_STYLE = Bundle;
				MACOSX_DEPLOYMENT_TARGET = 10.11;
				MACOSX_DEPLOYMENT_TARGET_ppc = 10.4;
				OTHER_CPLUSPLUSFLAGS = "-Wno-comma";
				OTHER_LDFLAGS = "-bundle -lVacancy -O2 -lm -lpthread -L/opt/X11/include -I/usr/X11R6/include -L/usr/X11R6/lib  -lm -lpthread -lX11";
				PRODUCT_BUNDLE_IDENTIFIER = com.yourcompany.Vacancy;
				SDKROOT_ppc = macosx10.5;
				USE_HEADERMAP = YES;
				WRAPPER_EXTENSION = vst; }; name = Debug; };
		C6A0185EF914CD6FDEBDCC4E = {isa = XCBuildConfiguration; buildSettings = {
				CLANG_CXX_LANGUAGE_STANDARD = "c++14";
				CLANG_LINK_OBJC_RUNTIME = NO;
				COMBINE_HIDPI_IMAGES = YES;
				CONFIGURATION_BUILD_DIR = "$(PROJECT_DIR)/build/$(CONFIGURATION)";
				DEAD_CODE_STRIPPING = YES;
				DEPLOYMENT_LOCATION = YES;
				DSTROOT = /;
				GCC_GENERATE_DEBUGGING_SYMBOLS = NO;
				GCC_OPTIMIZATION_LEVEL = 3;
				GCC_PREPROCESSOR_DEFINITIONS = (
					"_NDEBUG=1",
					"NDEBUG=1",
					"JUCER_XCODE_MAC_F6D2F4CF=1",
					"JUCE_APP_VERSION=0.0.2",
					"JUCE_APP_VERSION_HEX=0x2",
					"JucePlugin_Build_VST=1",
					"JucePlugin_Build_VST3=0",
					"JucePlugin_Build_AU=0",
					"JucePlugin_Build_AUv3=0",
					"JucePlugin_Build_RTAS=0",
					"JucePlugin_Build_AAX=0",
					"JucePlugin_Build_Standalone=0", );
				GCC_SYMBOLS_PRIVATE_EXTERN = YES;
				GCC_VERSION = com.apple.compilers.llvm.clang.1_0;
				GENERATE_PKGINFO_FILE = YES;
				HEADER_SEARCH_PATHS = ("../../JuceLibraryCode", "../../../../../../Applications/JUCE/modules", "../../../../../../Applications/JUCE/modules/juce_audio_plugin_client", "$(inherited)");
				INFOPLIST_FILE = Info-VST.plist;
				INFOPLIST_PREPROCESS = NO;
				INSTALL_PATH = "$(HOME)/Library/Audio/Plug-Ins/VST/";
				LIBRARY_STYLE = Bundle;
				LLVM_LTO = YES;
				MACOSX_DEPLOYMENT_TARGET = 10.11;
				MACOSX_DEPLOYMENT_TARGET_ppc = 10.4;
				OTHER_CPLUSPLUSFLAGS = "-Wno-comma";
				OTHER_LDFLAGS = "-bundle -lVacancy -O2 -lm -lpthread -L/opt/X11/include -I/usr/X11R6/include -L/usr/X11R6/lib  -lm -lpthread -lX11";
				PRODUCT_BUNDLE_IDENTIFIER = com.yourcompany.Vacancy;
				SDKROOT_ppc = macosx10.5;
				USE_HEADERMAP = YES;
				WRAPPER_EXTENSION = vst; }; name = Release; };
		C7CFE3D912E2322069E943DD = {isa = XCBuildConfiguration; buildSettings = {
				CLANG_CXX_LANGUAGE_STANDARD = "c++14";
				CLANG_LINK_OBJC_RUNTIME = NO;
				COMBINE_HIDPI_IMAGES = YES;
				CONFIGURATION_BUILD_DIR = "$(PROJECT_DIR)/build/$(CONFIGURATION)";
				COPY_PHASE_STRIP = NO;
				DEPLOYMENT_LOCATION = YES;
				DSTROOT = /;
				GCC_DYNAMIC_NO_PIC = NO;
				GCC_OPTIMIZATION_LEVEL = 0;
				GCC_PREPROCESSOR_DEFINITIONS = (
					"_DEBUG=1",
					"DEBUG=1",
					"JUCER_XCODE_MAC_F6D2F4CF=1",
					"JUCE_APP_VERSION=0.0.2",
					"JUCE_APP_VERSION_HEX=0x2",
					"JucePlugin_Build_VST=0",
					"JucePlugin_Build_VST3=0",
					"JucePlugin_Build_AU=1",
					"JucePlugin_Build_AUv3=0",
					"JucePlugin_Build_RTAS=0",
					"JucePlugin_Build_AAX=0",
					"JucePlugin_Build_Standalone=0", );
				GCC_VERSION = com.apple.compilers.llvm.clang.1_0;
				GENERATE_PKGINFO_FILE = YES;
				HEADER_SEARCH_PATHS = ("../../JuceLibraryCode", "../../../../../../Applications/JUCE/modules", "../../../../../../Applications/JUCE/modules/juce_audio_plugin_client", "$(inherited)");
				INFOPLIST_FILE = Info-AU.plist;
				INFOPLIST_PREPROCESS = NO;
				INSTALL_PATH = "$(HOME)/Library/Audio/Plug-Ins/Components/";
				LIBRARY_STYLE = Bundle;
				MACOSX_DEPLOYMENT_TARGET = 10.11;
				MACOSX_DEPLOYMENT_TARGET_ppc = 10.4;
				OTHER_CPLUSPLUSFLAGS = "-Wno-comma";
				OTHER_LDFLAGS = "-bundle -lVacancy -O2 -lm -lpthread -L/opt/X11/include -I/usr/X11R6/include -L/usr/X11R6/lib  -lm -lpthread -lX11";
				OTHER_REZFLAGS = "-d ppc_$ppc -d i386_$i386 -d ppc64_$ppc64 -d x86_64_$x86_64 -I /System/Library/Frameworks/CoreServices.framework/Frameworks/CarbonCore.framework/Versions/A/Headers -I \"$(DEVELOPER_DIR)/Extras/CoreAudio/AudioUnits/AUPublic/AUBase\"";
				PRODUCT_BUNDLE_IDENTIFIER = com.yourcompany.Vacancy;
				SDKROOT_ppc = macosx10.5;
				USE_HEADERMAP = YES;
				WRAPPER_EXTENSION = component; }; name = Debug; };
		C60868A2F3751CF83DD27DD2 = {isa = XCBuildConfiguration; buildSettings = {
				CLANG_CXX_LANGUAGE_STANDARD = "c++14";
				CLANG_LINK_OBJC_RUNTIME = NO;
				COMBINE_HIDPI_IMAGES = YES;
				CONFIGURATION_BUILD_DIR = "$(PROJECT_DIR)/build/$(CONFIGURATION)";
				DEAD_CODE_STRIPPING = YES;
				DEPLOYMENT_LOCATION = YES;
				DSTROOT = /;
				GCC_GENERATE_DEBUGGING_SYMBOLS = NO;
				GCC_OPTIMIZATION_LEVEL = 3;
				GCC_PREPROCESSOR_DEFINITIONS = (
					"_NDEBUG=1",
					"NDEBUG=1",
					"JUCER_XCODE_MAC_F6D2F4CF=1",
					"JUCE_APP_VERSION=0.0.2",
					"JUCE_APP_VERSION_HEX=0x2",
					"JucePlugin_Build_VST=0",
					"JucePlugin_Build_VST3=0",
					"JucePlugin_Build_AU=1",
					"JucePlugin_Build_AUv3=0",
					"JucePlugin_Build_RTAS=0",
					"JucePlugin_Build_AAX=0",
					"JucePlugin_Build_Standalone=0", );
				GCC_SYMBOLS_PRIVATE_EXTERN = YES;
				GCC_VERSION = com.apple.compilers.llvm.clang.1_0;
				GENERATE_PKGINFO_FILE = YES;
				HEADER_SEARCH_PATHS = ("../../JuceLibraryCode", "../../../../../../Applications/JUCE/modules", "../../../../../../Applications/JUCE/modules/juce_audio_plugin_client", "$(inherited)");
				INFOPLIST_FILE = Info-AU.plist;
				INFOPLIST_PREPROCESS = NO;
				INSTALL_PATH = "$(HOME)/Library/Audio/Plug-Ins/Components/";
				LIBRARY_STYLE = Bundle;
				LLVM_LTO = YES;
				MACOSX_DEPLOYMENT_TARGET = 10.11;
				MACOSX_DEPLOYMENT_TARGET_ppc = 10.4;
				OTHER_CPLUSPLUSFLAGS = "-Wno-comma";
				OTHER_LDFLAGS = "-bundle -lVacancy -O2 -lm -lpthread -L/opt/X11/include -I/usr/X11R6/include -L/usr/X11R6/lib  -lm -lpthread -lX11";
				OTHER_REZFLAGS = "-d ppc_$ppc -d i386_$i386 -d ppc64_$ppc64 -d x86_64_$x86_64 -I /System/Library/Frameworks/CoreServices.framework/Frameworks/CarbonCore.framework/Versions/A/Headers -I \"$(DEVELOPER_DIR)/Extras/CoreAudio/AudioUnits/AUPublic/AUBase\"";
				PRODUCT_BUNDLE_IDENTIFIER = com.yourcompany.Vacancy;
				SDKROOT_ppc = macosx10.5;
				USE_HEADERMAP = YES;
				WRAPPER_EXTENSION = component; }; name = Release; };
		0645B2CA709AA80162A30C23 = {isa = XCBuildConfiguration; buildSettings = {
				CLANG_CXX_LANGUAGE_STANDARD = "c++14";
				CLANG_LINK_OBJC_RUNTIME = NO;
				COMBINE_HIDPI_IMAGES = YES;
				CONFIGURATION_BUILD_DIR = "$(PROJECT_DIR)/build/$(CONFIGURATION)";
				COPY_PHASE_STRIP = NO;
				GCC_DYNAMIC_NO_PIC = NO;
				GCC_OPTIMIZATION_LEVEL = 0;
				GCC_PREPROCESSOR_DEFINITIONS = (
					"_DEBUG=1",
					"DEBUG=1",
					"JUCER_XCODE_MAC_F6D2F4CF=1",
					"JUCE_APP_VERSION=0.0.2",
					"JUCE_APP_VERSION_HEX=0x2",
					"JucePlugin_Build_VST=0",
					"JucePlugin_Build_VST3=0",
					"JucePlugin_Build_AU=0",
					"JucePlugin_Build_AUv3=0",
					"JucePlugin_Build_RTAS=0",
					"JucePlugin_Build_AAX=0",
					"JucePlugin_Build_Standalone=1", );
				GCC_VERSION = com.apple.compilers.llvm.clang.1_0;
				HEADER_SEARCH_PATHS = ("../../JuceLibraryCode", "../../../../../../Applications/JUCE/modules", "../../../../../../Applications/JUCE/modules/juce_audio_plugin_client", "$(inherited)");
				INFOPLIST_FILE = Info-Standalone_Plugin.plist;
				INFOPLIST_PREPROCESS = NO;
				MACOSX_DEPLOYMENT_TARGET = 10.11;
				MACOSX_DEPLOYMENT_TARGET_ppc = 10.4;
				OTHER_CPLUSPLUSFLAGS = "-Wno-comma";
				OTHER_LDFLAGS = "-lVacancy -O2 -lm -lpthread -L/opt/X11/include -I/usr/X11R6/include -L/usr/X11R6/lib  -lm -lpthread -lX11";
				PRODUCT_BUNDLE_IDENTIFIER = com.yourcompany.Vacancy;
				SDKROOT_ppc = macosx10.5;
				USE_HEADERMAP = YES; }; name = Debug; };
		1E2C64FFB25ACF1145257505 = {isa = XCBuildConfiguration; buildSettings = {
				CLANG_CXX_LANGUAGE_STANDARD = "c++14";
				CLANG_LINK_OBJC_RUNTIME = NO;
				COMBINE_HIDPI_IMAGES = YES;
				CONFIGURATION_BUILD_DIR = "$(PROJECT_DIR)/build/$(CONFIGURATION)";
				DEAD_CODE_STRIPPING = YES;
				GCC_GENERATE_DEBUGGING_SYMBOLS = NO;
				GCC_OPTIMIZATION_LEVEL = 3;
				GCC_PREPROCESSOR_DEFINITIONS = (
					"_NDEBUG=1",
					"NDEBUG=1",
					"JUCER_XCODE_MAC_F6D2F4CF=1",
					"JUCE_APP_VERSION=0.0.2",
					"JUCE_APP_VERSION_HEX=0x2",
					"JucePlugin_Build_VST=0",
					"JucePlugin_Build_VST3=0",
					"JucePlugin_Build_AU=0",
					"JucePlugin_Build_AUv3=0",
					"JucePlugin_Build_RTAS=0",
					"JucePlugin_Build_AAX=0",
					"JucePlugin_Build_Standalone=1", );
				GCC_SYMBOLS_PRIVATE_EXTERN = YES;
				GCC_VERSION = com.apple.compilers.llvm.clang.1_0;
				HEADER_SEARCH_PATHS = ("../../JuceLibraryCode", "../../../../../../Applications/JUCE/modules", "../../../../../../Applications/JUCE/modules/juce_audio_plugin_client", "$(inherited)");
				INFOPLIST_FILE = Info-Standalone_Plugin.plist;
				INFOPLIST_PREPROCESS = NO;
				LLVM_LTO = YES;
				MACOSX_DEPLOYMENT_TARGET = 10.11;
				MACOSX_DEPLOYMENT_TARGET_ppc = 10.4;
				OTHER_CPLUSPLUSFLAGS = "-Wno-comma";
				OTHER_LDFLAGS = "-lVacancy -O2 -lm -lpthread -L/opt/X11/include -I/usr/X11R6/include -L/usr/X11R6/lib  -lm -lpthread -lX11";
				PRODUCT_BUNDLE_IDENTIFIER = com.yourcompany.Vacancy;
				SDKROOT_ppc = macosx10.5;
				USE_HEADERMAP = YES; }; name = Release; };
		A3EBB15D882B2008B1BCA4B8 = {isa = XCBuildConfiguration; buildSettings = {
				CLANG_CXX_LANGUAGE_STANDARD = "c++14";
				CLANG_LINK_OBJC_RUNTIME = NO;
				COMBINE_HIDPI_IMAGES = YES;
				CONFIGURATION_BUILD_DIR = "$(PROJECT_DIR)/build/$(CONFIGURATION)";
				COPY_PHASE_STRIP = NO;
				GCC_DYNAMIC_NO_PIC = NO;
				GCC_OPTIMIZATION_LEVEL = 0;
				GCC_PREPROCESSOR_DEFINITIONS = (
					"_DEBUG=1",
					"DEBUG=1",
					"JUCER_XCODE_MAC_F6D2F4CF=1",
					"JUCE_APP_VERSION=0.0.2",
					"JUCE_APP_VERSION_HEX=0x2",
					"JucePlugin_Build_VST=1",
					"JucePlugin_Build_VST3=0",
					"JucePlugin_Build_AU=1",
					"JucePlugin_Build_AUv3=0",
					"JucePlugin_Build_RTAS=0",
					"JucePlugin_Build_AAX=0",
					"JucePlugin_Build_Standalone=1",
					"JUCE_SHARED_CODE=1", );
				GCC_VERSION = com.apple.compilers.llvm.clang.1_0;
				HEADER_SEARCH_PATHS = ("../../JuceLibraryCode", "../../../../../../Applications/JUCE/modules", "../../../../../../Applications/JUCE/modules/juce_audio_plugin_client", "$(inherited)");
				INSTALL_PATH = "@executable_path/../Frameworks";
				MACOSX_DEPLOYMENT_TARGET = 10.11;
				MACOSX_DEPLOYMENT_TARGET_ppc = 10.4;
				OTHER_CPLUSPLUSFLAGS = "-Wno-comma";
				OTHER_LDFLAGS = "-O2 -lm -lpthread -L/opt/X11/include -I/usr/X11R6/include -L/usr/X11R6/lib  -lm -lpthread -lX11";
				PRODUCT_BUNDLE_IDENTIFIER = com.yourcompany.Vacancy;
				SDKROOT_ppc = macosx10.5;
				USE_HEADERMAP = YES; }; name = Debug; };
		30D99F2805763CD2E02734BD = {isa = XCBuildConfiguration; buildSettings = {
				CLANG_CXX_LANGUAGE_STANDARD = "c++14";
				CLANG_LINK_OBJC_RUNTIME = NO;
				COMBINE_HIDPI_IMAGES = YES;
				CONFIGURATION_BUILD_DIR = "$(PROJECT_DIR)/build/$(CONFIGURATION)";
				DEAD_CODE_STRIPPING = YES;
				GCC_GENERATE_DEBUGGING_SYMBOLS = NO;
				GCC_OPTIMIZATION_LEVEL = 3;
				GCC_PREPROCESSOR_DEFINITIONS = (
					"_NDEBUG=1",
					"NDEBUG=1",
					"JUCER_XCODE_MAC_F6D2F4CF=1",
					"JUCE_APP_VERSION=0.0.2",
					"JUCE_APP_VERSION_HEX=0x2",
					"JucePlugin_Build_VST=1",
					"JucePlugin_Build_VST3=0",
					"JucePlugin_Build_AU=1",
					"JucePlugin_Build_AUv3=0",
					"JucePlugin_Build_RTAS=0",
					"JucePlugin_Build_AAX=0",
					"JucePlugin_Build_Standalone=1",
					"JUCE_SHARED_CODE=1", );
				GCC_SYMBOLS_PRIVATE_EXTERN = YES;
				GCC_VERSION = com.apple.compilers.llvm.clang.1_0;
				HEADER_SEARCH_PATHS = ("../../JuceLibraryCode", "../../../../../../Applications/JUCE/modules", "../../../../../../Applications/JUCE/modules/juce_audio_plugin_client", "$(inherited)");
				INSTALL_PATH = "@executable_path/../Frameworks";
				LLVM_LTO = YES;
				MACOSX_DEPLOYMENT_TARGET = 10.11;
				MACOSX_DEPLOYMENT_TARGET_ppc = 10.4;
				OTHER_CPLUSPLUSFLAGS = "-Wno-comma";
				OTHER_LDFLAGS = "-O2 -lm -lpthread -L/opt/X11/include -I/usr/X11R6/include -L/usr/X11R6/lib  -lm -lpthread -lX11";
				PRODUCT_BUNDLE_IDENTIFIER = com.yourcompany.Vacancy;
				SDKROOT_ppc = macosx10.5;
				USE_HEADERMAP = YES; }; name = Release; };
		A1EEFF702C8C1F3501E9F0F1 = {isa = XCBuildConfiguration; buildSettings = {
				ALWAYS_SEARCH_USER_PATHS = NO;
				CLANG_WARN_BLOCK_CAPTURE_AUTORELEASING = YES;
				CLANG_WARN_BOOL_CONVERSION = YES;
				CLANG_WARN_COMMA = YES;
				CLANG_WARN_CONSTANT_CONVERSION = YES;
				CLANG_WARN_EMPTY_BODY = YES;
				CLANG_WARN_ENUM_CONVERSION = YES;
				CLANG_WARN_INFINITE_RECURSION = YES;
				CLANG_WARN_INT_CONVERSION = YES;
				CLANG_WARN_NON_LITERAL_NULL_CONVERSION = YES;
				CLANG_WARN_OBJC_LITERAL_CONVERSION = YES;
				CLANG_WARN_RANGE_LOOP_ANALYSIS = YES;
				CLANG_WARN_STRICT_PROTOTYPES = YES;
				CLANG_WARN_SUSPICIOUS_MOVE = YES;
				CLANG_WARN_UNREACHABLE_CODE = YES;
				CLANG_WARN__DUPLICATE_METHOD_MATCH = YES;
				DEBUG_INFORMATION_FORMAT = "dwarf";
				ENABLE_STRICT_OBJC_MSGSEND = YES;
				ENABLE_TESTABILITY = YES;
				GCC_C_LANGUAGE_STANDARD = c11;
				GCC_INLINES_ARE_PRIVATE_EXTERN = YES;
				GCC_MODEL_TUNING = G5;
				GCC_NO_COMMON_BLOCKS = YES;
				GCC_WARN_64_TO_32_BIT_CONVERSION = YES;
				GCC_WARN_ABOUT_RETURN_TYPE = YES;
				GCC_WARN_CHECK_SWITCH_STATEMENTS = YES;
				GCC_WARN_MISSING_PARENTHESES = YES;
				GCC_WARN_NON_VIRTUAL_DESTRUCTOR = YES;
				GCC_WARN_TYPECHECK_CALLS_TO_PRINTF = YES;
				GCC_WARN_UNDECLARED_SELECTOR = YES;
				GCC_WARN_UNINITIALIZED_AUTOS = YES;
				GCC_WARN_UNUSED_FUNCTION = YES;
				GCC_WARN_UNUSED_VARIABLE = YES;
				ONLY_ACTIVE_ARCH = YES;
				PRODUCT_NAME = "Vacancy";
				WARNING_CFLAGS = -Wreorder;
				ZERO_LINK = NO; }; name = Debug; };
		9B6B01B991C90B0A19E5A4DA = {isa = XCBuildConfiguration; buildSettings = {
				ALWAYS_SEARCH_USER_PATHS = NO;
				CLANG_WARN_BLOCK_CAPTURE_AUTORELEASING = YES;
				CLANG_WARN_BOOL_CONVERSION = YES;
				CLANG_WARN_COMMA = YES;
				CLANG_WARN_CONSTANT_CONVERSION = YES;
				CLANG_WARN_EMPTY_BODY = YES;
				CLANG_WARN_ENUM_CONVERSION = YES;
				CLANG_WARN_INFINITE_RECURSION = YES;
				CLANG_WARN_INT_CONVERSION = YES;
				CLANG_WARN_NON_LITERAL_NULL_CONVERSION = YES;
				CLANG_WARN_OBJC_LITERAL_CONVERSION = YES;
				CLANG_WARN_RANGE_LOOP_ANALYSIS = YES;
				CLANG_WARN_STRICT_PROTOTYPES = YES;
				CLANG_WARN_SUSPICIOUS_MOVE = YES;
				CLANG_WARN_UNREACHABLE_CODE = YES;
				CLANG_WARN__DUPLICATE_METHOD_MATCH = YES;
				DEBUG_INFORMATION_FORMAT = "dwarf";
				ENABLE_STRICT_OBJC_MSGSEND = YES;
				GCC_C_LANGUAGE_STANDARD = c11;
				GCC_INLINES_ARE_PRIVATE_EXTERN = YES;
				GCC_MODEL_TUNING = G5;
				GCC_NO_COMMON_BLOCKS = YES;
				GCC_WARN_64_TO_32_BIT_CONVERSION = YES;
				GCC_WARN_ABOUT_RETURN_TYPE = YES;
				GCC_WARN_CHECK_SWITCH_STATEMENTS = YES;
				GCC_WARN_MISSING_PARENTHESES = YES;
				GCC_WARN_NON_VIRTUAL_DESTRUCTOR = YES;
				GCC_WARN_TYPECHECK_CALLS_TO_PRINTF = YES;
				GCC_WARN_UNDECLARED_SELECTOR = YES;
				GCC_WARN_UNINITIALIZED_AUTOS = YES;
				GCC_WARN_UNUSED_FUNCTION = YES;
				GCC_WARN_UNUSED_VARIABLE = YES;
				PRODUCT_NAME = "Vacancy";
				WARNING_CFLAGS = -Wreorder;
				ZERO_LINK = NO; }; name = Release; };
		A2B25D0C8298754874BE0C4C = {isa = PBXTargetDependency; target = FE4C7562CC67958B0CDE48EA; };
		CBAA278EAEA21197EAE10D34 = {isa = PBXTargetDependency; target = 16421F93EC763E0728F49194; };
		5AF4CDFDD88335800044B754 = {isa = PBXTargetDependency; target = D1EFD69D079C94DC0D98264D; };
		207270D837EC69E063939B75 = {isa = PBXTargetDependency; target = 8A24A25F245088391FF89C23; };
		B2E7813DF994E7ED7D271EF5 = {isa = XCConfigurationList; buildConfigurations = (
					A1EEFF702C8C1F3501E9F0F1,
					9B6B01B991C90B0A19E5A4DA, ); defaultConfigurationIsVisible = 0; defaultConfigurationName = Debug; };
		A2429F08D3428FFCFE888CBF = {isa = XCConfigurationList; buildConfigurations = (
					4ECCD203EA101B940D989C62,
					125C26593C520D0ADF14EB33, ); defaultConfigurationIsVisible = 0; defaultConfigurationName = Debug; };
		5941F4662CE83DFC96A60C44 = {isa = PBXAggregateTarget; buildConfigurationList = A2429F08D3428FFCFE888CBF; buildPhases = (  ); buildRules = ( ); dependencies = (
					A2B25D0C8298754874BE0C4C,
					CBAA278EAEA21197EAE10D34,
					5AF4CDFDD88335800044B754,
					207270D837EC69E063939B75, ); name = "Vacancy - All"; productName = Vacancy; };
		914F38CBD370F241877F1B38 = {isa = XCConfigurationList; buildConfigurations = (
					E7F6246D38ACE6DCA0328457,
					C6A0185EF914CD6FDEBDCC4E, ); defaultConfigurationIsVisible = 0; defaultConfigurationName = Debug; };
		991581A4D4471A0A02B454AE = {isa = PBXResourcesBuildPhase; buildActionMask = 2147483647; files = (
					CD2963A5B1595B3DB48CB768, ); runOnlyForDeploymentPostprocessing = 0; };
		FF1CE561F1833B2180173352 = {isa = PBXSourcesBuildPhase; buildActionMask = 2147483647; files = (
					4B513B6D9651692501C71514, ); runOnlyForDeploymentPostprocessing = 0; };
		BF537966A13ACBD15F2CD13C = {isa = PBXFrameworksBuildPhase; buildActionMask = 2147483647; files = (
					24D6F4DB0F536127523E882A,
					C9D086936F8EB64BD17395FE,
					8FAEA39019170543B30E3042,
					29CB3C69037FC2669C11D65C,
					EBB6230FE29CFFD8E572B5BC,
					9C2C6EF7DD52F0B710652956,
					92227EFEFD513FE201B35A71,
					044FD67DD632336F8B4E1F1E,
					5C10FA1CF99377B909ABCD33,
					088D9322AE3A3E2A02965A15,
					D7E4D14173A82667FF51008C,
					9CA55726DD3E8A413FC64028,
					20DDB0BD67EAFF706E6800E5,
					16EAFB0DB06E972D034BAF3F, ); runOnlyForDeploymentPostprocessing = 0; };
		FE4C7562CC67958B0CDE48EA = {isa = PBXNativeTarget; buildConfigurationList = 914F38CBD370F241877F1B38; buildPhases = (
					991581A4D4471A0A02B454AE,
					FF1CE561F1833B2180173352,
					BF537966A13ACBD15F2CD13C, ); buildRules = ( ); dependencies = (
					207270D837EC69E063939B75, ); name = "Vacancy - VST"; productName = Vacancy; productReference = 9FD9A490357B308EBAA9026F; productType = "com.apple.product-type.bundle"; };
		E035179F2AAC4E76045F13F0 = {isa = XCConfigurationList; buildConfigurations = (
					C7CFE3D912E2322069E943DD,
					C60868A2F3751CF83DD27DD2, ); defaultConfigurationIsVisible = 0; defaultConfigurationName = Debug; };
		C0E905DF1A305347B2999BC0 = {isa = PBXResourcesBuildPhase; buildActionMask = 2147483647; files = (
					CD2963A5B1595B3DB48CB768, ); runOnlyForDeploymentPostprocessing = 0; };
		8DD0A456F23A6718FE78849A = {isa = PBXRezBuildPhase; buildActionMask = 2147483647; files = (
					03A43543B7F1D033347C2E66, ); runOnlyForDeploymentPostprocessing = 0; };
		DB1EA76405612853892B1045 = {isa = PBXSourcesBuildPhase; buildActionMask = 2147483647; files = (
					353BFF7C179CD52A881162A1,
					D4F3C6BE4EF22590B9AAABFA, ); runOnlyForDeploymentPostprocessing = 0; };
		11A6E3AA4D5340B2723CB582 = {isa = PBXFrameworksBuildPhase; buildActionMask = 2147483647; files = (
					24D6F4DB0F536127523E882A,
					C9D086936F8EB64BD17395FE,
					987DD67D4FF05C2E9841F8AC,
					8FAEA39019170543B30E3042,
					29CB3C69037FC2669C11D65C,
					EBB6230FE29CFFD8E572B5BC,
					9C2C6EF7DD52F0B710652956,
					92227EFEFD513FE201B35A71,
					D40C39BFD2C472D888CC901C,
					044FD67DD632336F8B4E1F1E,
					5C10FA1CF99377B909ABCD33,
					088D9322AE3A3E2A02965A15,
					D7E4D14173A82667FF51008C,
					9CA55726DD3E8A413FC64028,
					20DDB0BD67EAFF706E6800E5,
					16EAFB0DB06E972D034BAF3F, ); runOnlyForDeploymentPostprocessing = 0; };
		16421F93EC763E0728F49194 = {isa = PBXNativeTarget; buildConfigurationList = E035179F2AAC4E76045F13F0; buildPhases = (
					C0E905DF1A305347B2999BC0,
					8DD0A456F23A6718FE78849A,
					DB1EA76405612853892B1045,
					11A6E3AA4D5340B2723CB582, ); buildRules = ( ); dependencies = (
					207270D837EC69E063939B75, ); name = "Vacancy - AU"; productName = Vacancy; productReference = E1A6F274E188A67A55E7D358; productType = "com.apple.product-type.bundle"; };
		2BEB0A4CC312DE4BC7CD77F5 = {isa = XCConfigurationList; buildConfigurations = (
					0645B2CA709AA80162A30C23,
					1E2C64FFB25ACF1145257505, ); defaultConfigurationIsVisible = 0; defaultConfigurationName = Debug; };
		01E6BA872727AC15E70CB33C = {isa = PBXResourcesBuildPhase; buildActionMask = 2147483647; files = (
					CD2963A5B1595B3DB48CB768, ); runOnlyForDeploymentPostprocessing = 0; };
		40874191ADFD904A3EFAE4C4 = {isa = PBXSourcesBuildPhase; buildActionMask = 2147483647; files = (
					6CE9638699A45491F51574D5, ); runOnlyForDeploymentPostprocessing = 0; };
		2AF40044DFBDECE0CC815EC0 = {isa = PBXFrameworksBuildPhase; buildActionMask = 2147483647; files = (
					24D6F4DB0F536127523E882A,
					C9D086936F8EB64BD17395FE,
					8FAEA39019170543B30E3042,
					29CB3C69037FC2669C11D65C,
					EBB6230FE29CFFD8E572B5BC,
					9C2C6EF7DD52F0B710652956,
					92227EFEFD513FE201B35A71,
					044FD67DD632336F8B4E1F1E,
					5C10FA1CF99377B909ABCD33,
					088D9322AE3A3E2A02965A15,
					D7E4D14173A82667FF51008C,
					9CA55726DD3E8A413FC64028,
					20DDB0BD67EAFF706E6800E5,
					16EAFB0DB06E972D034BAF3F, ); runOnlyForDeploymentPostprocessing = 0; };
		D1EFD69D079C94DC0D98264D = {isa = PBXNativeTarget; buildConfigurationList = 2BEB0A4CC312DE4BC7CD77F5; buildPhases = (
					01E6BA872727AC15E70CB33C,
					40874191ADFD904A3EFAE4C4,
					2AF40044DFBDECE0CC815EC0, ); buildRules = ( ); dependencies = (
					207270D837EC69E063939B75, ); name = "Vacancy - Standalone Plugin"; productName = Vacancy; productReference = 2AC2B19DC66DCFB23AC76E6F; productType = "com.apple.product-type.application"; };
		0CB514AB0CCBA0A69AC47AC2 = {isa = XCConfigurationList; buildConfigurations = (
					A3EBB15D882B2008B1BCA4B8,
					30D99F2805763CD2E02734BD, ); defaultConfigurationIsVisible = 0; defaultConfigurationName = Debug; };
		78E7EC05D265624D6084AB8E = {isa = PBXSourcesBuildPhase; buildActionMask = 2147483647; files = (
					605D7C721A96E7A3FCDB2D83,
					94FCF209AD29AB478EEC59E5,
					54180CEA649C559D29022B00,
					0CD8B426518A023E4599438C,
					C3103908748789ACBB6A23D9,
					EE1C5104FD63C14DB375B7B5,
					07AA3F5E476E49769BDEA2AF,
					0D8CB0E65BF4A894FB291C23,
					3EC3871E96763176918EC56E,
					FAF3166D932587FA96E42A48,
					46CBDD692CE1F049F97332BE,
					476ABAC44B72025D788357EC,
					F7F248748F09CDD6B3D99C63,
					11F6D768A55258CED0E8F41B,
					455E0817AC415B357B2CB56C,
					4B0E378E538C2C2D0DC244F8,
					93F6C83E3737799217F10A2D,
					D7BAE3BA47491DACED967476,
					21ACA8C0E1EFECF873F76896,
					3080F3AF91915111F2B7DEA8,
					29A3681E07903AE222DA58B9, ); runOnlyForDeploymentPostprocessing = 0; };
		8A24A25F245088391FF89C23 = {isa = PBXNativeTarget; buildConfigurationList = 0CB514AB0CCBA0A69AC47AC2; buildPhases = (
					78E7EC05D265624D6084AB8E, ); buildRules = ( ); dependencies = (  ); name = "Vacancy - Shared Code"; productName = Vacancy; productReference = D39E14AE77EB61DD41A1BF98; productType = "com.apple.product-type.library.static"; };
		E2257386C67C7BECEBA3DB42 = {isa = PBXProject; buildConfigurationList = B2E7813DF994E7ED7D271EF5; attributes = { LastUpgradeCheck = 0830; ORGANIZATIONNAME = ""; TargetAttributes = { 5941F4662CE83DFC96A60C44 = { SystemCapabilities = {com.apple.ApplicationGroups.iOS = { enabled = 0; }; com.apple.InAppPurchase = { enabled = 0; }; com.apple.InterAppAudio = { enabled = 0; }; com.apple.Push = { enabled = 0; }; com.apple.Sandbox = { enabled = 0; }; }; };FE4C7562CC67958B0CDE48EA = { SystemCapabilities = {com.apple.ApplicationGroups.iOS = { enabled = 0; }; com.apple.InAppPurchase = { enabled = 0; }; com.apple.InterAppAudio = { enabled = 0; }; com.apple.Push = { enabled = 0; }; com.apple.Sandbox = { enabled = 0; }; }; };16421F93EC763E0728F49194 = { SystemCapabilities = {com.apple.ApplicationGroups.iOS = { enabled = 0; }; com.apple.InAppPurchase = { enabled = 0; }; com.apple.InterAppAudio = { enabled = 0; }; com.apple.Push = { enabled = 0; }; com.apple.Sandbox = { enabled = 0; }; }; };D1EFD69D079C94DC0D98264D = { SystemCapabilities = {com.apple.ApplicationGroups.iOS = { enabled = 0; }; com.apple.InAppPurchase = { enabled = 0; }; com.apple.InterAppAudio = { enabled = 0; }; com.apple.Push = { enabled = 0; }; com.apple.Sandbox = { enabled = 0; }; }; };8A24A25F245088391FF89C23 = { SystemCapabilities = {com.apple.ApplicationGroups.iOS = { enabled = 0; }; com.apple.InAppPurchase = { enabled = 0; }; com.apple.InterAppAudio = { enabled = 0; }; com.apple.Push = { enabled = 0; }; com.apple.Sandbox = { enabled = 0; }; }; }; }; }; compatibilityVersion = "Xcode 3.2"; hasScannedForEncodings = 0; mainGroup = E53D0C0D19A95B3FF7679CFB; projectDirPath = ""; projectRoot = ""; targets = (5941F4662CE83DFC96A60C44, FE4C7562CC67958B0CDE48EA, 16421F93EC763E0728F49194, D1EFD69D079C94DC0D98264D, 8A24A25F245088391FF89C23); };
	};
	rootObject = E2257386C67C7BECEBA3DB42;
}
