// !$*UTF8*$!
{
	archiveVersion = 1;
	classes = {
	};
	objectVersion = 46;
	objects = {

/* Begin PBXAggregateTarget section */
		60D67134841977E4D9AA5632 /* Vacancy - All */ = {
			isa = PBXAggregateTarget;
			buildConfigurationList = 382C97624EDA0435E75DDAA7 /* Build configuration list for PBXAggregateTarget "Vacancy - All" */;
			buildPhases = (
			);
			dependencies = (
				0B66721BBF7667CA53100848 /* PBXTargetDependency */,
				1A402B63ADB07EBA985A4397 /* PBXTargetDependency */,
				BCB323098BC5EBC3A52FEA46 /* PBXTargetDependency */,
				E02C05FBABDAC81026C8EC30 /* PBXTargetDependency */,
			);
			name = "Vacancy - All";
			productName = Vacancy;
		};
/* End PBXAggregateTarget section */

/* Begin PBXBuildFile section */
		0932A8C6E8EE4BF9ED9146A3 /* include_juce_audio_plugin_client_Standalone.cpp in Sources */ = {isa = PBXBuildFile; fileRef = 30A3EF153A00EA5464830D6E /* include_juce_audio_plugin_client_Standalone.cpp */; };
		0938931AD72A8BAE36D7146B /* Cocoa.framework in Frameworks */ = {isa = PBXBuildFile; fileRef = 1158399509937AFFD5E91747 /* Cocoa.framework */; };
		111BDD1507C18EE0089868BF /* AudioToolbox.framework in Frameworks */ = {isa = PBXBuildFile; fileRef = B887CD74E8606A138FA72093 /* AudioToolbox.framework */; };
		1C38FA4221BE7484979C73B3 /* QuartzCore.framework in Frameworks */ = {isa = PBXBuildFile; fileRef = DAB8D167B1951F46EBCE9995 /* QuartzCore.framework */; };
		1F3C19E80BE165981C8F1AC3 /* include_juce_audio_devices.mm in Sources */ = {isa = PBXBuildFile; fileRef = 3BCE207DAC12941034755594 /* include_juce_audio_devices.mm */; };
		21C062534D4AD9B0C9218133 /* include_juce_video.mm in Sources */ = {isa = PBXBuildFile; fileRef = 5954B0CBBC6B597758233BFA /* include_juce_video.mm */; };
		2627CE35AB34DA5B0CC73C4C /* IOKit.framework in Frameworks */ = {isa = PBXBuildFile; fileRef = 3E63287CBED1FC467A7CED59 /* IOKit.framework */; };
		297117EA4EAD53E9441119C9 /* Carbon.framework in Frameworks */ = {isa = PBXBuildFile; fileRef = 02086366074E831EF5E59D38 /* Carbon.framework */; };
		2F073B12D67E290859C5001D /* include_dRowAudio.mm in Sources */ = {isa = PBXBuildFile; fileRef = DC1960F2E79D61EAD316C645 /* include_dRowAudio.mm */; };
		38A6D5710A1F799D9C94937A /* include_juce_audio_utils.mm in Sources */ = {isa = PBXBuildFile; fileRef = D30A3B36395D776E019ADA08 /* include_juce_audio_utils.mm */; };
		3CB2CBE85CDD28335CC4A3DD /* include_juce_gui_basics.mm in Sources */ = {isa = PBXBuildFile; fileRef = 444626EDCF746F0D5D7BC733 /* include_juce_gui_basics.mm */; };
		405FE5B7204FEBD700DD9C1A /* RecentFilesMenuTemplate.nib in Resources */ = {isa = PBXBuildFile; fileRef = B6A16AE92DA37F8D020F5E21 /* RecentFilesMenuTemplate.nib */; };
		405FE5B8204FEBD700DD9C1A /* Accelerate.framework in Frameworks */ = {isa = PBXBuildFile; fileRef = ECFDEE233945B45F0ABDDC1F /* Accelerate.framework */; };
		405FE5B9204FEBD700DD9C1A /* AudioToolbox.framework in Frameworks */ = {isa = PBXBuildFile; fileRef = B887CD74E8606A138FA72093 /* AudioToolbox.framework */; };
		405FE5BA204FEBD700DD9C1A /* AVFoundation.framework in Frameworks */ = {isa = PBXBuildFile; fileRef = D4A952B07173B74DFBD2935F /* AVFoundation.framework */; };
		405FE5BB204FEBD700DD9C1A /* AVKit.framework in Frameworks */ = {isa = PBXBuildFile; fileRef = 0431E1E50515A18FEC2E02BD /* AVKit.framework */; };
		405FE5BC204FEBD700DD9C1A /* Carbon.framework in Frameworks */ = {isa = PBXBuildFile; fileRef = 02086366074E831EF5E59D38 /* Carbon.framework */; };
		405FE5BD204FEBD700DD9C1A /* Cocoa.framework in Frameworks */ = {isa = PBXBuildFile; fileRef = 1158399509937AFFD5E91747 /* Cocoa.framework */; };
		405FE5BE204FEBD700DD9C1A /* CoreAudio.framework in Frameworks */ = {isa = PBXBuildFile; fileRef = 19FBC2CC984EEEBEDBDE2C11 /* CoreAudio.framework */; };
		405FE5BF204FEBD700DD9C1A /* CoreMedia.framework in Frameworks */ = {isa = PBXBuildFile; fileRef = A43A698C1800A86BD931ABDC /* CoreMedia.framework */; };
		405FE5C0204FEBD700DD9C1A /* CoreMIDI.framework in Frameworks */ = {isa = PBXBuildFile; fileRef = BA381BBDEBD631DAD572724A /* CoreMIDI.framework */; };
		405FE5C1204FEBD700DD9C1A /* DiscRecording.framework in Frameworks */ = {isa = PBXBuildFile; fileRef = 8B2FA26DF71C00031A2B6004 /* DiscRecording.framework */; };
		405FE5C2204FEBD700DD9C1A /* IOKit.framework in Frameworks */ = {isa = PBXBuildFile; fileRef = 3E63287CBED1FC467A7CED59 /* IOKit.framework */; };
		405FE5C3204FEBD700DD9C1A /* OpenGL.framework in Frameworks */ = {isa = PBXBuildFile; fileRef = 959462D418F7C46AE758D4F0 /* OpenGL.framework */; };
		405FE5C4204FEBD700DD9C1A /* QuartzCore.framework in Frameworks */ = {isa = PBXBuildFile; fileRef = DAB8D167B1951F46EBCE9995 /* QuartzCore.framework */; };
		405FE5C5204FEBD700DD9C1A /* WebKit.framework in Frameworks */ = {isa = PBXBuildFile; fileRef = 1B39AB16DDD55AC56BE80A80 /* WebKit.framework */; };
		405FE5C6204FEBD700DD9C1A /* RecentFilesMenuTemplate.nib in Resources */ = {isa = PBXBuildFile; fileRef = B6A16AE92DA37F8D020F5E21 /* RecentFilesMenuTemplate.nib */; };
		405FE5C7204FEBD700DD9C1A /* Accelerate.framework in Frameworks */ = {isa = PBXBuildFile; fileRef = ECFDEE233945B45F0ABDDC1F /* Accelerate.framework */; };
		405FE5C8204FEBD700DD9C1A /* AudioToolbox.framework in Frameworks */ = {isa = PBXBuildFile; fileRef = B887CD74E8606A138FA72093 /* AudioToolbox.framework */; };
		405FE5C9204FEBD700DD9C1A /* AVFoundation.framework in Frameworks */ = {isa = PBXBuildFile; fileRef = D4A952B07173B74DFBD2935F /* AVFoundation.framework */; };
		405FE5CA204FEBD700DD9C1A /* AVKit.framework in Frameworks */ = {isa = PBXBuildFile; fileRef = 0431E1E50515A18FEC2E02BD /* AVKit.framework */; };
		405FE5CB204FEBD700DD9C1A /* Carbon.framework in Frameworks */ = {isa = PBXBuildFile; fileRef = 02086366074E831EF5E59D38 /* Carbon.framework */; };
		405FE5CC204FEBD700DD9C1A /* Cocoa.framework in Frameworks */ = {isa = PBXBuildFile; fileRef = 1158399509937AFFD5E91747 /* Cocoa.framework */; };
		405FE5CD204FEBD700DD9C1A /* CoreAudio.framework in Frameworks */ = {isa = PBXBuildFile; fileRef = 19FBC2CC984EEEBEDBDE2C11 /* CoreAudio.framework */; };
		405FE5CE204FEBD700DD9C1A /* CoreMedia.framework in Frameworks */ = {isa = PBXBuildFile; fileRef = A43A698C1800A86BD931ABDC /* CoreMedia.framework */; };
		405FE5CF204FEBD700DD9C1A /* CoreMIDI.framework in Frameworks */ = {isa = PBXBuildFile; fileRef = BA381BBDEBD631DAD572724A /* CoreMIDI.framework */; };
		405FE5D0204FEBD700DD9C1A /* DiscRecording.framework in Frameworks */ = {isa = PBXBuildFile; fileRef = 8B2FA26DF71C00031A2B6004 /* DiscRecording.framework */; };
		405FE5D1204FEBD700DD9C1A /* IOKit.framework in Frameworks */ = {isa = PBXBuildFile; fileRef = 3E63287CBED1FC467A7CED59 /* IOKit.framework */; };
		405FE5D2204FEBD700DD9C1A /* OpenGL.framework in Frameworks */ = {isa = PBXBuildFile; fileRef = 959462D418F7C46AE758D4F0 /* OpenGL.framework */; };
		405FE5D3204FEBD700DD9C1A /* QuartzCore.framework in Frameworks */ = {isa = PBXBuildFile; fileRef = DAB8D167B1951F46EBCE9995 /* QuartzCore.framework */; };
		405FE5D4204FEBD700DD9C1A /* WebKit.framework in Frameworks */ = {isa = PBXBuildFile; fileRef = 1B39AB16DDD55AC56BE80A80 /* WebKit.framework */; };
		405FE5D9204FEE7000DD9C1A /* PluginEditor.cpp in Sources */ = {isa = PBXBuildFile; fileRef = 179FC4A2495C9598DAAC0103 /* PluginEditor.cpp */; };
		42FB55B7361FF44D1DF490FD /* CoreAudio.framework in Frameworks */ = {isa = PBXBuildFile; fileRef = 19FBC2CC984EEEBEDBDE2C11 /* CoreAudio.framework */; };
		4771E25BFDB19CC3B57868CE /* include_juce_audio_plugin_client_utils.cpp in Sources */ = {isa = PBXBuildFile; fileRef = 8AC6EFA903A388A3324EC341 /* include_juce_audio_plugin_client_utils.cpp */; };
		49BDA66C177462E89B754434 /* AVFoundation.framework in Frameworks */ = {isa = PBXBuildFile; fileRef = D4A952B07173B74DFBD2935F /* AVFoundation.framework */; };
		4C8985F5FE9CC63008A21387 /* CoreMedia.framework in Frameworks */ = {isa = PBXBuildFile; fileRef = A43A698C1800A86BD931ABDC /* CoreMedia.framework */; };
		4E22C008ED1DE2591CC061BF /* include_juce_events.mm in Sources */ = {isa = PBXBuildFile; fileRef = 567DA1E7B1FA2CCF82BB277E /* include_juce_events.mm */; };
		50F61E5A7D6EFC290AB2F747 /* CoreMIDI.framework in Frameworks */ = {isa = PBXBuildFile; fileRef = BA381BBDEBD631DAD572724A /* CoreMIDI.framework */; };
		56F4FB8A19CB6B4A7FACD134 /* PluginProcessor.cpp in Sources */ = {isa = PBXBuildFile; fileRef = 6F9C33562D5D9230802B48E5 /* PluginProcessor.cpp */; };
		646E36C38DF6F6A70451D342 /* include_juce_gui_extra.mm in Sources */ = {isa = PBXBuildFile; fileRef = 0F48050A3902595F87769CC8 /* include_juce_gui_extra.mm */; };
		662B4CB2F015141D76A16E39 /* include_juce_audio_processors.mm in Sources */ = {isa = PBXBuildFile; fileRef = 3500DC58ECE2596ED4B27889 /* include_juce_audio_processors.mm */; };
		6D03DCF20756B3BAD191349B /* include_juce_audio_plugin_client_AU_2.mm in Sources */ = {isa = PBXBuildFile; fileRef = 3A8948B0312D72D2965D2060 /* include_juce_audio_plugin_client_AU_2.mm */; };
		7D1652A348B7C37918A7BC86 /* include_juce_cryptography.mm in Sources */ = {isa = PBXBuildFile; fileRef = B79E135847B7356BA5EDEB75 /* include_juce_cryptography.mm */; };
		89EEFA68D7C173E9491EC609 /* AudioUnit.framework in Frameworks */ = {isa = PBXBuildFile; fileRef = 2B4AC957227747288352B243 /* AudioUnit.framework */; };
		9346EF7A172ACB2B2E147063 /* RecentFilesMenuTemplate.nib in Resources */ = {isa = PBXBuildFile; fileRef = B6A16AE92DA37F8D020F5E21 /* RecentFilesMenuTemplate.nib */; };
		A0DC8D3E69D4C0FF5412AA3F /* include_juce_audio_plugin_client_AU_1.mm in Sources */ = {isa = PBXBuildFile; fileRef = A1021F039B986C5A252A251D /* include_juce_audio_plugin_client_AU_1.mm */; };
		A248FF0D5C37719637AE25A0 /* include_juce_core.mm in Sources */ = {isa = PBXBuildFile; fileRef = 5A8AC8007FFDEAFFD8FA8ED9 /* include_juce_core.mm */; };
		A379107C7923A2CF3471677B /* include_juce_audio_formats.mm in Sources */ = {isa = PBXBuildFile; fileRef = 52F94DC86AB7090BCE917AB8 /* include_juce_audio_formats.mm */; };
		ACE082A122E6C1639EFA8A5F /* AVKit.framework in Frameworks */ = {isa = PBXBuildFile; fileRef = 0431E1E50515A18FEC2E02BD /* AVKit.framework */; };
		AE03005BC0EB2356C056CEF9 /* include_juce_graphics.mm in Sources */ = {isa = PBXBuildFile; fileRef = F1BF773AF1C7AE05A16CB920 /* include_juce_graphics.mm */; };
		B9D936BF900DFEB365E44748 /* include_juce_data_structures.mm in Sources */ = {isa = PBXBuildFile; fileRef = ADD696B3B1B2A6E1E77A854F /* include_juce_data_structures.mm */; };
		C29F45519B7B62231C011F79 /* WebKit.framework in Frameworks */ = {isa = PBXBuildFile; fileRef = 1B39AB16DDD55AC56BE80A80 /* WebKit.framework */; };
		C2B4749E1C3CEE559DC106DF /* Accelerate.framework in Frameworks */ = {isa = PBXBuildFile; fileRef = ECFDEE233945B45F0ABDDC1F /* Accelerate.framework */; };
		C44CDA244743228A538A7AD6 /* PluginEditor.cpp in Sources */ = {isa = PBXBuildFile; fileRef = 179FC4A2495C9598DAAC0103 /* PluginEditor.cpp */; };
		D46AB8FF8244FD4AABB14051 /* include_juce_opengl.mm in Sources */ = {isa = PBXBuildFile; fileRef = BA04F2C9DD80C927646D1F43 /* include_juce_opengl.mm */; };
		DE7156F73CD977C0973AFC98 /* include_juce_audio_plugin_client_VST2.cpp in Sources */ = {isa = PBXBuildFile; fileRef = AF2A69B0CE8420CC9670F8E9 /* include_juce_audio_plugin_client_VST2.cpp */; };
		E0943D4B5A2D9D851C1F0D46 /* include_juce_audio_plugin_client_VST_utils.mm in Sources */ = {isa = PBXBuildFile; fileRef = B575D129D63DB98CF44D3930 /* include_juce_audio_plugin_client_VST_utils.mm */; };
		E62003B6B1648A2E8A465602 /* include_juce_audio_basics.mm in Sources */ = {isa = PBXBuildFile; fileRef = 6453EEC9642EC78ABD5EE497 /* include_juce_audio_basics.mm */; };
		EC740720B5FFC10D1BE165B4 /* include_juce_audio_plugin_client_AU.r in Rez */ = {isa = PBXBuildFile; fileRef = 076782199A431AEECF289188 /* include_juce_audio_plugin_client_AU.r */; };
		ECF9919DCD809EFB79B256DA /* OpenGL.framework in Frameworks */ = {isa = PBXBuildFile; fileRef = 959462D418F7C46AE758D4F0 /* OpenGL.framework */; };
		F5A43FD1E2E091B781FFF4D7 /* CoreAudioKit.framework in Frameworks */ = {isa = PBXBuildFile; fileRef = BF9B6870F3323B675FA9938F /* CoreAudioKit.framework */; };
		FBE10946C034DA4937A14AB9 /* DiscRecording.framework in Frameworks */ = {isa = PBXBuildFile; fileRef = 8B2FA26DF71C00031A2B6004 /* DiscRecording.framework */; };
/* End PBXBuildFile section */

/* Begin PBXContainerItemProxy section */
		405FE5D5204FEBD700DD9C1A /* PBXContainerItemProxy */ = {
			isa = PBXContainerItemProxy;
			containerPortal = 2EFE0D3F528E5C810E56C097 /* Project object */;
			proxyType = 1;
			remoteGlobalIDString = 6C971AA5FB5A03F2FF088DAE;
			remoteInfo = "Vacancy - VST";
		};
		405FE5D6204FEBD700DD9C1A /* PBXContainerItemProxy */ = {
			isa = PBXContainerItemProxy;
			containerPortal = 2EFE0D3F528E5C810E56C097 /* Project object */;
			proxyType = 1;
			remoteGlobalIDString = 185A446C43BF0C4B97C63B6A;
			remoteInfo = "Vacancy - Shared Code";
		};
		405FE5D7204FEBD700DD9C1A /* PBXContainerItemProxy */ = {
			isa = PBXContainerItemProxy;
			containerPortal = 2EFE0D3F528E5C810E56C097 /* Project object */;
			proxyType = 1;
			remoteGlobalIDString = F8C5A451FAE780F2590E5F27;
			remoteInfo = "Vacancy - AU";
		};
		405FE5D8204FEBD700DD9C1A /* PBXContainerItemProxy */ = {
			isa = PBXContainerItemProxy;
			containerPortal = 2EFE0D3F528E5C810E56C097 /* Project object */;
			proxyType = 1;
			remoteGlobalIDString = E74B1C45B06B61F695689C5B;
			remoteInfo = "Vacancy - Standalone Plugin";
		};
/* End PBXContainerItemProxy section */

/* Begin PBXFileReference section */
		02086366074E831EF5E59D38 /* Carbon.framework */ = {isa = PBXFileReference; lastKnownFileType = wrapper.framework; name = Carbon.framework; path = System/Library/Frameworks/Carbon.framework; sourceTree = SDKROOT; };
		0431E1E50515A18FEC2E02BD /* AVKit.framework */ = {isa = PBXFileReference; lastKnownFileType = wrapper.framework; name = AVKit.framework; path = System/Library/Frameworks/AVKit.framework; sourceTree = SDKROOT; };
		076782199A431AEECF289188 /* include_juce_audio_plugin_client_AU.r */ = {isa = PBXFileReference; lastKnownFileType = file.r; name = include_juce_audio_plugin_client_AU.r; path = ../../JuceLibraryCode/include_juce_audio_plugin_client_AU.r; sourceTree = SOURCE_ROOT; };
		0F48050A3902595F87769CC8 /* include_juce_gui_extra.mm */ = {isa = PBXFileReference; lastKnownFileType = sourcecode.cpp.objcpp; name = include_juce_gui_extra.mm; path = ../../JuceLibraryCode/include_juce_gui_extra.mm; sourceTree = SOURCE_ROOT; };
		114BBFCFA9A7C47B4C8BE193 /* juce_data_structures */ = {isa = PBXFileReference; lastKnownFileType = folder; name = juce_data_structures; path = ../../../../../../Applications/JUCE/modules/juce_data_structures; sourceTree = SOURCE_ROOT; };
		1158399509937AFFD5E91747 /* Cocoa.framework */ = {isa = PBXFileReference; lastKnownFileType = wrapper.framework; name = Cocoa.framework; path = System/Library/Frameworks/Cocoa.framework; sourceTree = SDKROOT; };
		179FC4A2495C9598DAAC0103 /* PluginEditor.cpp */ = {isa = PBXFileReference; lastKnownFileType = sourcecode.cpp.cpp; name = PluginEditor.cpp; path = ../../Source/PluginEditor.cpp; sourceTree = SOURCE_ROOT; };
		19FBC2CC984EEEBEDBDE2C11 /* CoreAudio.framework */ = {isa = PBXFileReference; lastKnownFileType = wrapper.framework; name = CoreAudio.framework; path = System/Library/Frameworks/CoreAudio.framework; sourceTree = SDKROOT; };
		1B39AB16DDD55AC56BE80A80 /* WebKit.framework */ = {isa = PBXFileReference; lastKnownFileType = wrapper.framework; name = WebKit.framework; path = System/Library/Frameworks/WebKit.framework; sourceTree = SDKROOT; };
		1EE16D32CB2A7BA1AAFC6377 /* juce_graphics */ = {isa = PBXFileReference; lastKnownFileType = folder; name = juce_graphics; path = ../../../../../../Applications/JUCE/modules/juce_graphics; sourceTree = SOURCE_ROOT; };
		2B4AC957227747288352B243 /* AudioUnit.framework */ = {isa = PBXFileReference; lastKnownFileType = wrapper.framework; name = AudioUnit.framework; path = System/Library/Frameworks/AudioUnit.framework; sourceTree = SDKROOT; };
		30A3EF153A00EA5464830D6E /* include_juce_audio_plugin_client_Standalone.cpp */ = {isa = PBXFileReference; lastKnownFileType = sourcecode.cpp.cpp; name = include_juce_audio_plugin_client_Standalone.cpp; path = ../../JuceLibraryCode/include_juce_audio_plugin_client_Standalone.cpp; sourceTree = SOURCE_ROOT; };
		3500DC58ECE2596ED4B27889 /* include_juce_audio_processors.mm */ = {isa = PBXFileReference; lastKnownFileType = sourcecode.cpp.objcpp; name = include_juce_audio_processors.mm; path = ../../JuceLibraryCode/include_juce_audio_processors.mm; sourceTree = SOURCE_ROOT; };
		378163E8A41E8A439F4C685D /* juce_audio_utils */ = {isa = PBXFileReference; lastKnownFileType = folder; name = juce_audio_utils; path = ../../../../../../Applications/JUCE/modules/juce_audio_utils; sourceTree = SOURCE_ROOT; };
		3A61C30A6238FC79E431B087 /* PluginEditor.h */ = {isa = PBXFileReference; lastKnownFileType = sourcecode.c.h; name = PluginEditor.h; path = ../../Source/PluginEditor.h; sourceTree = SOURCE_ROOT; };
		3A8948B0312D72D2965D2060 /* include_juce_audio_plugin_client_AU_2.mm */ = {isa = PBXFileReference; lastKnownFileType = sourcecode.cpp.objcpp; name = include_juce_audio_plugin_client_AU_2.mm; path = ../../JuceLibraryCode/include_juce_audio_plugin_client_AU_2.mm; sourceTree = SOURCE_ROOT; };
		3BCE207DAC12941034755594 /* include_juce_audio_devices.mm */ = {isa = PBXFileReference; lastKnownFileType = sourcecode.cpp.objcpp; name = include_juce_audio_devices.mm; path = ../../JuceLibraryCode/include_juce_audio_devices.mm; sourceTree = SOURCE_ROOT; };
		3E63287CBED1FC467A7CED59 /* IOKit.framework */ = {isa = PBXFileReference; lastKnownFileType = wrapper.framework; name = IOKit.framework; path = System/Library/Frameworks/IOKit.framework; sourceTree = SDKROOT; };
		444626EDCF746F0D5D7BC733 /* include_juce_gui_basics.mm */ = {isa = PBXFileReference; lastKnownFileType = sourcecode.cpp.objcpp; name = include_juce_gui_basics.mm; path = ../../JuceLibraryCode/include_juce_gui_basics.mm; sourceTree = SOURCE_ROOT; };
		481794725FFCC068936396B4 /* juce_core */ = {isa = PBXFileReference; lastKnownFileType = folder; name = juce_core; path = ../../../../../../Applications/JUCE/modules/juce_core; sourceTree = SOURCE_ROOT; };
		4B22088C1C914E8F97510B34 /* juce_video */ = {isa = PBXFileReference; lastKnownFileType = folder; name = juce_video; path = ../../../../../../Applications/JUCE/modules/juce_video; sourceTree = SOURCE_ROOT; };
		4FEC97CC77C6235EBF7706AD /* juce_gui_basics */ = {isa = PBXFileReference; lastKnownFileType = folder; name = juce_gui_basics; path = ../../../../../../Applications/JUCE/modules/juce_gui_basics; sourceTree = SOURCE_ROOT; };
		52F94DC86AB7090BCE917AB8 /* include_juce_audio_formats.mm */ = {isa = PBXFileReference; lastKnownFileType = sourcecode.cpp.objcpp; name = include_juce_audio_formats.mm; path = ../../JuceLibraryCode/include_juce_audio_formats.mm; sourceTree = SOURCE_ROOT; };
		567DA1E7B1FA2CCF82BB277E /* include_juce_events.mm */ = {isa = PBXFileReference; lastKnownFileType = sourcecode.cpp.objcpp; name = include_juce_events.mm; path = ../../JuceLibraryCode/include_juce_events.mm; sourceTree = SOURCE_ROOT; };
		56F685E2B6E87C494520863F /* juce_audio_plugin_client */ = {isa = PBXFileReference; lastKnownFileType = folder; name = juce_audio_plugin_client; path = ../../../../../../Applications/JUCE/modules/juce_audio_plugin_client; sourceTree = SOURCE_ROOT; };
		57672D6702609B639F9BABD6 /* PluginProcessor.h */ = {isa = PBXFileReference; lastKnownFileType = sourcecode.c.h; name = PluginProcessor.h; path = ../../Source/PluginProcessor.h; sourceTree = SOURCE_ROOT; };
		5954B0CBBC6B597758233BFA /* include_juce_video.mm */ = {isa = PBXFileReference; lastKnownFileType = sourcecode.cpp.objcpp; name = include_juce_video.mm; path = ../../JuceLibraryCode/include_juce_video.mm; sourceTree = SOURCE_ROOT; };
		5A8AC8007FFDEAFFD8FA8ED9 /* include_juce_core.mm */ = {isa = PBXFileReference; lastKnownFileType = sourcecode.cpp.objcpp; name = include_juce_core.mm; path = ../../JuceLibraryCode/include_juce_core.mm; sourceTree = SOURCE_ROOT; };
		6279DF076018D8997BC592E9 /* juce_audio_basics */ = {isa = PBXFileReference; lastKnownFileType = folder; name = juce_audio_basics; path = ../../../../../../Applications/JUCE/modules/juce_audio_basics; sourceTree = SOURCE_ROOT; };
		6453EEC9642EC78ABD5EE497 /* include_juce_audio_basics.mm */ = {isa = PBXFileReference; lastKnownFileType = sourcecode.cpp.objcpp; name = include_juce_audio_basics.mm; path = ../../JuceLibraryCode/include_juce_audio_basics.mm; sourceTree = SOURCE_ROOT; };
		664FC4BDD8840D5BD86DC2F4 /* juce_audio_processors */ = {isa = PBXFileReference; lastKnownFileType = folder; name = juce_audio_processors; path = ../../../../../../Applications/JUCE/modules/juce_audio_processors; sourceTree = SOURCE_ROOT; };
		6F9C33562D5D9230802B48E5 /* PluginProcessor.cpp */ = {isa = PBXFileReference; lastKnownFileType = sourcecode.cpp.cpp; name = PluginProcessor.cpp; path = ../../Source/PluginProcessor.cpp; sourceTree = SOURCE_ROOT; };
		7D22F4C736C237526BFF72B0 /* Vacancy.entitlements */ = {isa = PBXFileReference; lastKnownFileType = text.plist.xml; path = Vacancy.entitlements; sourceTree = SOURCE_ROOT; };
		8AC6EFA903A388A3324EC341 /* include_juce_audio_plugin_client_utils.cpp */ = {isa = PBXFileReference; lastKnownFileType = sourcecode.cpp.cpp; name = include_juce_audio_plugin_client_utils.cpp; path = ../../JuceLibraryCode/include_juce_audio_plugin_client_utils.cpp; sourceTree = SOURCE_ROOT; };
		8B2FA26DF71C00031A2B6004 /* DiscRecording.framework */ = {isa = PBXFileReference; lastKnownFileType = wrapper.framework; name = DiscRecording.framework; path = System/Library/Frameworks/DiscRecording.framework; sourceTree = SDKROOT; };
		9039A5FD12DC37C48185BD28 /* Vacancy.component */ = {isa = PBXFileReference; explicitFileType = wrapper.cfbundle; includeInIndex = 0; path = Vacancy.component; sourceTree = BUILT_PRODUCTS_DIR; };
		905002D50030410CB4945D15 /* juce_audio_devices */ = {isa = PBXFileReference; lastKnownFileType = folder; name = juce_audio_devices; path = ../../../../../../Applications/JUCE/modules/juce_audio_devices; sourceTree = SOURCE_ROOT; };
		959462D418F7C46AE758D4F0 /* OpenGL.framework */ = {isa = PBXFileReference; lastKnownFileType = wrapper.framework; name = OpenGL.framework; path = System/Library/Frameworks/OpenGL.framework; sourceTree = SDKROOT; };
		96A4E2CB53B6DACBBEE7021C /* Vacancy.app */ = {isa = PBXFileReference; explicitFileType = wrapper.application; includeInIndex = 0; path = Vacancy.app; sourceTree = BUILT_PRODUCTS_DIR; };
		99F3B19BB9DB91C424773C34 /* juce_cryptography */ = {isa = PBXFileReference; lastKnownFileType = folder; name = juce_cryptography; path = ../../../../../../Applications/JUCE/modules/juce_cryptography; sourceTree = SOURCE_ROOT; };
		9CC60CB52C5861B6BCF81F3F /* dRowAudio */ = {isa = PBXFileReference; lastKnownFileType = folder; name = dRowAudio; path = ../../../../../../Applications/JUCE/modules/dRowAudio; sourceTree = SOURCE_ROOT; };
		9FD5950C8AA983634D807A94 /* juce_events */ = {isa = PBXFileReference; lastKnownFileType = folder; name = juce_events; path = ../../../../../../Applications/JUCE/modules/juce_events; sourceTree = SOURCE_ROOT; };
		A1021F039B986C5A252A251D /* include_juce_audio_plugin_client_AU_1.mm */ = {isa = PBXFileReference; lastKnownFileType = sourcecode.cpp.objcpp; name = include_juce_audio_plugin_client_AU_1.mm; path = ../../JuceLibraryCode/include_juce_audio_plugin_client_AU_1.mm; sourceTree = SOURCE_ROOT; };
		A19C3DC03ADC6B33941D1808 /* Info-Standalone_Plugin.plist */ = {isa = PBXFileReference; lastKnownFileType = text.plist.xml; path = "Info-Standalone_Plugin.plist"; sourceTree = SOURCE_ROOT; };
		A43A698C1800A86BD931ABDC /* CoreMedia.framework */ = {isa = PBXFileReference; lastKnownFileType = wrapper.framework; name = CoreMedia.framework; path = System/Library/Frameworks/CoreMedia.framework; sourceTree = SDKROOT; };
		A82136CBB657DC2E00CD4D35 /* juce_opengl */ = {isa = PBXFileReference; lastKnownFileType = folder; name = juce_opengl; path = ../../../../../../Applications/JUCE/modules/juce_opengl; sourceTree = SOURCE_ROOT; };
		ADD696B3B1B2A6E1E77A854F /* include_juce_data_structures.mm */ = {isa = PBXFileReference; lastKnownFileType = sourcecode.cpp.objcpp; name = include_juce_data_structures.mm; path = ../../JuceLibraryCode/include_juce_data_structures.mm; sourceTree = SOURCE_ROOT; };
		AF2A69B0CE8420CC9670F8E9 /* include_juce_audio_plugin_client_VST2.cpp */ = {isa = PBXFileReference; lastKnownFileType = sourcecode.cpp.cpp; name = include_juce_audio_plugin_client_VST2.cpp; path = ../../JuceLibraryCode/include_juce_audio_plugin_client_VST2.cpp; sourceTree = SOURCE_ROOT; };
		AFFBAC0C72AAAF03618E0B7A /* Info-AU.plist */ = {isa = PBXFileReference; lastKnownFileType = text.plist.xml; path = "Info-AU.plist"; sourceTree = SOURCE_ROOT; };
		B4D6A1858559532B98ACB2D6 /* Vacancy.vst */ = {isa = PBXFileReference; explicitFileType = wrapper.cfbundle; includeInIndex = 0; path = Vacancy.vst; sourceTree = BUILT_PRODUCTS_DIR; };
		B575D129D63DB98CF44D3930 /* include_juce_audio_plugin_client_VST_utils.mm */ = {isa = PBXFileReference; lastKnownFileType = sourcecode.cpp.objcpp; name = include_juce_audio_plugin_client_VST_utils.mm; path = ../../JuceLibraryCode/include_juce_audio_plugin_client_VST_utils.mm; sourceTree = SOURCE_ROOT; };
		B6A16AE92DA37F8D020F5E21 /* RecentFilesMenuTemplate.nib */ = {isa = PBXFileReference; lastKnownFileType = file.nib; path = RecentFilesMenuTemplate.nib; sourceTree = SOURCE_ROOT; };
		B79E135847B7356BA5EDEB75 /* include_juce_cryptography.mm */ = {isa = PBXFileReference; lastKnownFileType = sourcecode.cpp.objcpp; name = include_juce_cryptography.mm; path = ../../JuceLibraryCode/include_juce_cryptography.mm; sourceTree = SOURCE_ROOT; };
		B887CD74E8606A138FA72093 /* AudioToolbox.framework */ = {isa = PBXFileReference; lastKnownFileType = wrapper.framework; name = AudioToolbox.framework; path = System/Library/Frameworks/AudioToolbox.framework; sourceTree = SDKROOT; };
		BA04F2C9DD80C927646D1F43 /* include_juce_opengl.mm */ = {isa = PBXFileReference; lastKnownFileType = sourcecode.cpp.objcpp; name = include_juce_opengl.mm; path = ../../JuceLibraryCode/include_juce_opengl.mm; sourceTree = SOURCE_ROOT; };
		BA268933AD3790303322BB7C /* AppConfig.h */ = {isa = PBXFileReference; lastKnownFileType = sourcecode.c.h; name = AppConfig.h; path = ../../JuceLibraryCode/AppConfig.h; sourceTree = SOURCE_ROOT; };
		BA381BBDEBD631DAD572724A /* CoreMIDI.framework */ = {isa = PBXFileReference; lastKnownFileType = wrapper.framework; name = CoreMIDI.framework; path = System/Library/Frameworks/CoreMIDI.framework; sourceTree = SDKROOT; };
		BF9B6870F3323B675FA9938F /* CoreAudioKit.framework */ = {isa = PBXFileReference; lastKnownFileType = wrapper.framework; name = CoreAudioKit.framework; path = System/Library/Frameworks/CoreAudioKit.framework; sourceTree = SDKROOT; };
		C73CE4A5649DFB20E7F6763B /* JuceHeader.h */ = {isa = PBXFileReference; lastKnownFileType = sourcecode.c.h; name = JuceHeader.h; path = ../../JuceLibraryCode/JuceHeader.h; sourceTree = SOURCE_ROOT; };
		C84DD06058841DCB0F133749 /* juce_gui_extra */ = {isa = PBXFileReference; lastKnownFileType = folder; name = juce_gui_extra; path = ../../../../../../Applications/JUCE/modules/juce_gui_extra; sourceTree = SOURCE_ROOT; };
		C9E5E6894860EC1510A32EA5 /* libVacancy.a */ = {isa = PBXFileReference; explicitFileType = archive.ar; includeInIndex = 0; path = libVacancy.a; sourceTree = BUILT_PRODUCTS_DIR; };
		D30A3B36395D776E019ADA08 /* include_juce_audio_utils.mm */ = {isa = PBXFileReference; lastKnownFileType = sourcecode.cpp.objcpp; name = include_juce_audio_utils.mm; path = ../../JuceLibraryCode/include_juce_audio_utils.mm; sourceTree = SOURCE_ROOT; };
		D4A952B07173B74DFBD2935F /* AVFoundation.framework */ = {isa = PBXFileReference; lastKnownFileType = wrapper.framework; name = AVFoundation.framework; path = System/Library/Frameworks/AVFoundation.framework; sourceTree = SDKROOT; };
		D80CDDBB2A6CDD5DA3F2D2C5 /* juce_audio_formats */ = {isa = PBXFileReference; lastKnownFileType = folder; name = juce_audio_formats; path = ../../../../../../Applications/JUCE/modules/juce_audio_formats; sourceTree = SOURCE_ROOT; };
		DAB8D167B1951F46EBCE9995 /* QuartzCore.framework */ = {isa = PBXFileReference; lastKnownFileType = wrapper.framework; name = QuartzCore.framework; path = System/Library/Frameworks/QuartzCore.framework; sourceTree = SDKROOT; };
		DC1960F2E79D61EAD316C645 /* include_dRowAudio.mm */ = {isa = PBXFileReference; lastKnownFileType = sourcecode.cpp.objcpp; name = include_dRowAudio.mm; path = ../../JuceLibraryCode/include_dRowAudio.mm; sourceTree = SOURCE_ROOT; };
		ECFDEE233945B45F0ABDDC1F /* Accelerate.framework */ = {isa = PBXFileReference; lastKnownFileType = wrapper.framework; name = Accelerate.framework; path = System/Library/Frameworks/Accelerate.framework; sourceTree = SDKROOT; };
		F1BF773AF1C7AE05A16CB920 /* include_juce_graphics.mm */ = {isa = PBXFileReference; lastKnownFileType = sourcecode.cpp.objcpp; name = include_juce_graphics.mm; path = ../../JuceLibraryCode/include_juce_graphics.mm; sourceTree = SOURCE_ROOT; };
		FAA301A48746420E3B3B4631 /* Info-VST.plist */ = {isa = PBXFileReference; lastKnownFileType = text.plist.xml; path = "Info-VST.plist"; sourceTree = SOURCE_ROOT; };
/* End PBXFileReference section */

/* Begin PBXFrameworksBuildPhase section */
		2D7F7403517692ADFACB7013 /* Frameworks */ = {
			isa = PBXFrameworksBuildPhase;
			buildActionMask = 2147483647;
			files = (
				C2B4749E1C3CEE559DC106DF /* Accelerate.framework in Frameworks */,
				111BDD1507C18EE0089868BF /* AudioToolbox.framework in Frameworks */,
				49BDA66C177462E89B754434 /* AVFoundation.framework in Frameworks */,
				ACE082A122E6C1639EFA8A5F /* AVKit.framework in Frameworks */,
				297117EA4EAD53E9441119C9 /* Carbon.framework in Frameworks */,
				0938931AD72A8BAE36D7146B /* Cocoa.framework in Frameworks */,
				42FB55B7361FF44D1DF490FD /* CoreAudio.framework in Frameworks */,
				4C8985F5FE9CC63008A21387 /* CoreMedia.framework in Frameworks */,
				50F61E5A7D6EFC290AB2F747 /* CoreMIDI.framework in Frameworks */,
				FBE10946C034DA4937A14AB9 /* DiscRecording.framework in Frameworks */,
				2627CE35AB34DA5B0CC73C4C /* IOKit.framework in Frameworks */,
				ECF9919DCD809EFB79B256DA /* OpenGL.framework in Frameworks */,
				1C38FA4221BE7484979C73B3 /* QuartzCore.framework in Frameworks */,
				C29F45519B7B62231C011F79 /* WebKit.framework in Frameworks */,
			);
			runOnlyForDeploymentPostprocessing = 0;
		};
		81A679655C204682E98CECEA /* Frameworks */ = {
			isa = PBXFrameworksBuildPhase;
			buildActionMask = 2147483647;
			files = (
				405FE5B8204FEBD700DD9C1A /* Accelerate.framework in Frameworks */,
				405FE5B9204FEBD700DD9C1A /* AudioToolbox.framework in Frameworks */,
				89EEFA68D7C173E9491EC609 /* AudioUnit.framework in Frameworks */,
				405FE5BA204FEBD700DD9C1A /* AVFoundation.framework in Frameworks */,
				405FE5BB204FEBD700DD9C1A /* AVKit.framework in Frameworks */,
				405FE5BC204FEBD700DD9C1A /* Carbon.framework in Frameworks */,
				405FE5BD204FEBD700DD9C1A /* Cocoa.framework in Frameworks */,
				405FE5BE204FEBD700DD9C1A /* CoreAudio.framework in Frameworks */,
				F5A43FD1E2E091B781FFF4D7 /* CoreAudioKit.framework in Frameworks */,
				405FE5BF204FEBD700DD9C1A /* CoreMedia.framework in Frameworks */,
				405FE5C0204FEBD700DD9C1A /* CoreMIDI.framework in Frameworks */,
				405FE5C1204FEBD700DD9C1A /* DiscRecording.framework in Frameworks */,
				405FE5C2204FEBD700DD9C1A /* IOKit.framework in Frameworks */,
				405FE5C3204FEBD700DD9C1A /* OpenGL.framework in Frameworks */,
				405FE5C4204FEBD700DD9C1A /* QuartzCore.framework in Frameworks */,
				405FE5C5204FEBD700DD9C1A /* WebKit.framework in Frameworks */,
			);
			runOnlyForDeploymentPostprocessing = 0;
		};
		D5569CA8DCB8B60392573423 /* Frameworks */ = {
			isa = PBXFrameworksBuildPhase;
			buildActionMask = 2147483647;
			files = (
				405FE5C7204FEBD700DD9C1A /* Accelerate.framework in Frameworks */,
				405FE5C8204FEBD700DD9C1A /* AudioToolbox.framework in Frameworks */,
				405FE5C9204FEBD700DD9C1A /* AVFoundation.framework in Frameworks */,
				405FE5CA204FEBD700DD9C1A /* AVKit.framework in Frameworks */,
				405FE5CB204FEBD700DD9C1A /* Carbon.framework in Frameworks */,
				405FE5CC204FEBD700DD9C1A /* Cocoa.framework in Frameworks */,
				405FE5CD204FEBD700DD9C1A /* CoreAudio.framework in Frameworks */,
				405FE5CE204FEBD700DD9C1A /* CoreMedia.framework in Frameworks */,
				405FE5CF204FEBD700DD9C1A /* CoreMIDI.framework in Frameworks */,
				405FE5D0204FEBD700DD9C1A /* DiscRecording.framework in Frameworks */,
				405FE5D1204FEBD700DD9C1A /* IOKit.framework in Frameworks */,
				405FE5D2204FEBD700DD9C1A /* OpenGL.framework in Frameworks */,
				405FE5D3204FEBD700DD9C1A /* QuartzCore.framework in Frameworks */,
				405FE5D4204FEBD700DD9C1A /* WebKit.framework in Frameworks */,
			);
			runOnlyForDeploymentPostprocessing = 0;
		};
/* End PBXFrameworksBuildPhase section */

/* Begin PBXGroup section */
		18CD3023ED2478FF3BDFB413 /* JUCE Modules */ = {
			isa = PBXGroup;
			children = (
				9CC60CB52C5861B6BCF81F3F /* dRowAudio */,
				6279DF076018D8997BC592E9 /* juce_audio_basics */,
				905002D50030410CB4945D15 /* juce_audio_devices */,
				D80CDDBB2A6CDD5DA3F2D2C5 /* juce_audio_formats */,
				56F685E2B6E87C494520863F /* juce_audio_plugin_client */,
				664FC4BDD8840D5BD86DC2F4 /* juce_audio_processors */,
				378163E8A41E8A439F4C685D /* juce_audio_utils */,
				481794725FFCC068936396B4 /* juce_core */,
				99F3B19BB9DB91C424773C34 /* juce_cryptography */,
				114BBFCFA9A7C47B4C8BE193 /* juce_data_structures */,
				9FD5950C8AA983634D807A94 /* juce_events */,
				1EE16D32CB2A7BA1AAFC6377 /* juce_graphics */,
				4FEC97CC77C6235EBF7706AD /* juce_gui_basics */,
				C84DD06058841DCB0F133749 /* juce_gui_extra */,
				A82136CBB657DC2E00CD4D35 /* juce_opengl */,
				4B22088C1C914E8F97510B34 /* juce_video */,
			);
			name = "JUCE Modules";
			sourceTree = "<group>";
		};
		1AB7FA32D97922312148F0CC /* Products */ = {
			isa = PBXGroup;
			children = (
				B4D6A1858559532B98ACB2D6 /* Vacancy.vst */,
				9039A5FD12DC37C48185BD28 /* Vacancy.component */,
				96A4E2CB53B6DACBBEE7021C /* Vacancy.app */,
				C9E5E6894860EC1510A32EA5 /* libVacancy.a */,
			);
			name = Products;
			sourceTree = "<group>";
		};
		5290919C03023BC707D4E498 /* Source */ = {
			isa = PBXGroup;
			children = (
				6F9C33562D5D9230802B48E5 /* PluginProcessor.cpp */,
				57672D6702609B639F9BABD6 /* PluginProcessor.h */,
				179FC4A2495C9598DAAC0103 /* PluginEditor.cpp */,
				3A61C30A6238FC79E431B087 /* PluginEditor.h */,
			);
			name = Source;
			sourceTree = "<group>";
		};
		5F4788BC55FA23011D3B0FB0 /* JUCE Library Code */ = {
			isa = PBXGroup;
			children = (
				BA268933AD3790303322BB7C /* AppConfig.h */,
				DC1960F2E79D61EAD316C645 /* include_dRowAudio.mm */,
				6453EEC9642EC78ABD5EE497 /* include_juce_audio_basics.mm */,
				3BCE207DAC12941034755594 /* include_juce_audio_devices.mm */,
				52F94DC86AB7090BCE917AB8 /* include_juce_audio_formats.mm */,
				076782199A431AEECF289188 /* include_juce_audio_plugin_client_AU.r */,
				A1021F039B986C5A252A251D /* include_juce_audio_plugin_client_AU_1.mm */,
				3A8948B0312D72D2965D2060 /* include_juce_audio_plugin_client_AU_2.mm */,
				30A3EF153A00EA5464830D6E /* include_juce_audio_plugin_client_Standalone.cpp */,
				8AC6EFA903A388A3324EC341 /* include_juce_audio_plugin_client_utils.cpp */,
				B575D129D63DB98CF44D3930 /* include_juce_audio_plugin_client_VST_utils.mm */,
				AF2A69B0CE8420CC9670F8E9 /* include_juce_audio_plugin_client_VST2.cpp */,
				3500DC58ECE2596ED4B27889 /* include_juce_audio_processors.mm */,
				D30A3B36395D776E019ADA08 /* include_juce_audio_utils.mm */,
				5A8AC8007FFDEAFFD8FA8ED9 /* include_juce_core.mm */,
				B79E135847B7356BA5EDEB75 /* include_juce_cryptography.mm */,
				ADD696B3B1B2A6E1E77A854F /* include_juce_data_structures.mm */,
				567DA1E7B1FA2CCF82BB277E /* include_juce_events.mm */,
				F1BF773AF1C7AE05A16CB920 /* include_juce_graphics.mm */,
				444626EDCF746F0D5D7BC733 /* include_juce_gui_basics.mm */,
				0F48050A3902595F87769CC8 /* include_juce_gui_extra.mm */,
				BA04F2C9DD80C927646D1F43 /* include_juce_opengl.mm */,
				5954B0CBBC6B597758233BFA /* include_juce_video.mm */,
				C73CE4A5649DFB20E7F6763B /* JuceHeader.h */,
			);
			name = "JUCE Library Code";
			sourceTree = "<group>";
		};
		65E485A1F55A358FDA390CA9 /* Resources */ = {
			isa = PBXGroup;
			children = (
				FAA301A48746420E3B3B4631 /* Info-VST.plist */,
				AFFBAC0C72AAAF03618E0B7A /* Info-AU.plist */,
				A19C3DC03ADC6B33941D1808 /* Info-Standalone_Plugin.plist */,
				B6A16AE92DA37F8D020F5E21 /* RecentFilesMenuTemplate.nib */,
			);
			name = Resources;
			sourceTree = "<group>";
		};
		AAC1AF9803B1C18BA21697EC /* Source */ = {
			isa = PBXGroup;
			children = (
				7D22F4C736C237526BFF72B0 /* Vacancy.entitlements */,
				C4AA0608E50AC945987A0707 /* Vacancy */,
				18CD3023ED2478FF3BDFB413 /* JUCE Modules */,
				5F4788BC55FA23011D3B0FB0 /* JUCE Library Code */,
				65E485A1F55A358FDA390CA9 /* Resources */,
				EF690EAE4547E0CE93BCEB31 /* Frameworks */,
				1AB7FA32D97922312148F0CC /* Products */,
			);
			name = Source;
			sourceTree = "<group>";
		};
		C4AA0608E50AC945987A0707 /* Vacancy */ = {
			isa = PBXGroup;
			children = (
				5290919C03023BC707D4E498 /* Source */,
			);
			name = Vacancy;
			sourceTree = "<group>";
		};
		EF690EAE4547E0CE93BCEB31 /* Frameworks */ = {
			isa = PBXGroup;
			children = (
				ECFDEE233945B45F0ABDDC1F /* Accelerate.framework */,
				B887CD74E8606A138FA72093 /* AudioToolbox.framework */,
				2B4AC957227747288352B243 /* AudioUnit.framework */,
				D4A952B07173B74DFBD2935F /* AVFoundation.framework */,
				0431E1E50515A18FEC2E02BD /* AVKit.framework */,
				02086366074E831EF5E59D38 /* Carbon.framework */,
				1158399509937AFFD5E91747 /* Cocoa.framework */,
				19FBC2CC984EEEBEDBDE2C11 /* CoreAudio.framework */,
				BF9B6870F3323B675FA9938F /* CoreAudioKit.framework */,
				A43A698C1800A86BD931ABDC /* CoreMedia.framework */,
				BA381BBDEBD631DAD572724A /* CoreMIDI.framework */,
				8B2FA26DF71C00031A2B6004 /* DiscRecording.framework */,
				3E63287CBED1FC467A7CED59 /* IOKit.framework */,
				959462D418F7C46AE758D4F0 /* OpenGL.framework */,
				DAB8D167B1951F46EBCE9995 /* QuartzCore.framework */,
				1B39AB16DDD55AC56BE80A80 /* WebKit.framework */,
			);
			name = Frameworks;
			sourceTree = "<group>";
		};
/* End PBXGroup section */

/* Begin PBXNativeTarget section */
		185A446C43BF0C4B97C63B6A /* Vacancy - Shared Code */ = {
			isa = PBXNativeTarget;
			buildConfigurationList = 96E4073465274207A8FFA239 /* Build configuration list for PBXNativeTarget "Vacancy - Shared Code" */;
			buildPhases = (
				3CF9FD711A5DD093F7B6D713 /* Sources */,
			);
			buildRules = (
			);
			dependencies = (
			);
			name = "Vacancy - Shared Code";
			productName = Vacancy;
			productReference = C9E5E6894860EC1510A32EA5 /* libVacancy.a */;
			productType = "com.apple.product-type.library.static";
		};
		6C971AA5FB5A03F2FF088DAE /* Vacancy - VST */ = {
			isa = PBXNativeTarget;
			buildConfigurationList = 9A246CDBEF9CFC3E86AF87D3 /* Build configuration list for PBXNativeTarget "Vacancy - VST" */;
			buildPhases = (
				B1B41F9B1687E2E4295173A6 /* Resources */,
				99C2119BE401AC19A4E4274C /* Sources */,
				2D7F7403517692ADFACB7013 /* Frameworks */,
			);
			buildRules = (
			);
			dependencies = (
				E02C05FBABDAC81026C8EC30 /* PBXTargetDependency */,
			);
			name = "Vacancy - VST";
			productName = Vacancy;
			productReference = B4D6A1858559532B98ACB2D6 /* Vacancy.vst */;
			productType = "com.apple.product-type.bundle";
		};
		E74B1C45B06B61F695689C5B /* Vacancy - Standalone Plugin */ = {
			isa = PBXNativeTarget;
			buildConfigurationList = 596FD5BE1190EF5EE0632A71 /* Build configuration list for PBXNativeTarget "Vacancy - Standalone Plugin" */;
			buildPhases = (
				ECD7D0C7ECCDA65CE4649A48 /* Resources */,
				7AF8E9CBB18EAB33DEBBB691 /* Sources */,
				D5569CA8DCB8B60392573423 /* Frameworks */,
			);
			buildRules = (
			);
			dependencies = (
				E02C05FBABDAC81026C8EC30 /* PBXTargetDependency */,
			);
			name = "Vacancy - Standalone Plugin";
			productName = Vacancy;
			productReference = 96A4E2CB53B6DACBBEE7021C /* Vacancy.app */;
			productType = "com.apple.product-type.application";
		};
		F8C5A451FAE780F2590E5F27 /* Vacancy - AU */ = {
			isa = PBXNativeTarget;
			buildConfigurationList = BD0176C8F9B75E1A1144920E /* Build configuration list for PBXNativeTarget "Vacancy - AU" */;
			buildPhases = (
				7B2B7CFD5F5D16E5CFE37F94 /* Resources */,
				B4F012F65FCAFD3CF988715D /* Rez */,
				DE7F6C4E26246D760C60D202 /* Sources */,
				81A679655C204682E98CECEA /* Frameworks */,
			);
			buildRules = (
			);
			dependencies = (
				E02C05FBABDAC81026C8EC30 /* PBXTargetDependency */,
			);
			name = "Vacancy - AU";
			productName = Vacancy;
			productReference = 9039A5FD12DC37C48185BD28 /* Vacancy.component */;
			productType = "com.apple.product-type.bundle";
		};
/* End PBXNativeTarget section */

/* Begin PBXProject section */
		2EFE0D3F528E5C810E56C097 /* Project object */ = {
			isa = PBXProject;
			attributes = {
				LastUpgradeCheck = 0830;
				ORGANIZATIONNAME = "";
				TargetAttributes = {
					185A446C43BF0C4B97C63B6A = {
						SystemCapabilities = {
							com.apple.ApplicationGroups.iOS = {
								enabled = 0;
							};
							com.apple.InAppPurchase = {
								enabled = 0;
							};
							com.apple.InterAppAudio = {
								enabled = 0;
							};
							com.apple.Push = {
								enabled = 0;
							};
							com.apple.Sandbox = {
								enabled = 0;
							};
						};
					};
					60D67134841977E4D9AA5632 = {
						SystemCapabilities = {
							com.apple.ApplicationGroups.iOS = {
								enabled = 0;
							};
							com.apple.InAppPurchase = {
								enabled = 0;
							};
							com.apple.InterAppAudio = {
								enabled = 0;
							};
							com.apple.Push = {
								enabled = 0;
							};
							com.apple.Sandbox = {
								enabled = 0;
							};
						};
					};
					6C971AA5FB5A03F2FF088DAE = {
						SystemCapabilities = {
							com.apple.ApplicationGroups.iOS = {
								enabled = 0;
							};
							com.apple.InAppPurchase = {
								enabled = 0;
							};
							com.apple.InterAppAudio = {
								enabled = 0;
							};
							com.apple.Push = {
								enabled = 0;
							};
							com.apple.Sandbox = {
								enabled = 0;
							};
						};
					};
					E74B1C45B06B61F695689C5B = {
						SystemCapabilities = {
							com.apple.ApplicationGroups.iOS = {
								enabled = 0;
							};
							com.apple.InAppPurchase = {
								enabled = 0;
							};
							com.apple.InterAppAudio = {
								enabled = 0;
							};
							com.apple.Push = {
								enabled = 0;
							};
							com.apple.Sandbox = {
								enabled = 0;
							};
						};
					};
					F8C5A451FAE780F2590E5F27 = {
						SystemCapabilities = {
							com.apple.ApplicationGroups.iOS = {
								enabled = 0;
							};
							com.apple.InAppPurchase = {
								enabled = 0;
							};
							com.apple.InterAppAudio = {
								enabled = 0;
							};
							com.apple.Push = {
								enabled = 0;
							};
							com.apple.Sandbox = {
								enabled = 0;
							};
						};
					};
				};
			};
			buildConfigurationList = 11C6A0CFE20E92E58CA09811 /* Build configuration list for PBXProject "vacancy" */;
			compatibilityVersion = "Xcode 3.2";
			developmentRegion = en;
			hasScannedForEncodings = 0;
			knownRegions = (
				en,
			);
			mainGroup = AAC1AF9803B1C18BA21697EC /* Source */;
			projectDirPath = "";
			projectRoot = "";
			targets = (
				60D67134841977E4D9AA5632 /* Vacancy - All */,
				6C971AA5FB5A03F2FF088DAE /* Vacancy - VST */,
				F8C5A451FAE780F2590E5F27 /* Vacancy - AU */,
				E74B1C45B06B61F695689C5B /* Vacancy - Standalone Plugin */,
				185A446C43BF0C4B97C63B6A /* Vacancy - Shared Code */,
			);
		};
/* End PBXProject section */

/* Begin PBXResourcesBuildPhase section */
		7B2B7CFD5F5D16E5CFE37F94 /* Resources */ = {
			isa = PBXResourcesBuildPhase;
			buildActionMask = 2147483647;
			files = (
				405FE5B7204FEBD700DD9C1A /* RecentFilesMenuTemplate.nib in Resources */,
			);
			runOnlyForDeploymentPostprocessing = 0;
		};
		B1B41F9B1687E2E4295173A6 /* Resources */ = {
			isa = PBXResourcesBuildPhase;
			buildActionMask = 2147483647;
			files = (
				9346EF7A172ACB2B2E147063 /* RecentFilesMenuTemplate.nib in Resources */,
			);
			runOnlyForDeploymentPostprocessing = 0;
		};
		ECD7D0C7ECCDA65CE4649A48 /* Resources */ = {
			isa = PBXResourcesBuildPhase;
			buildActionMask = 2147483647;
			files = (
				405FE5C6204FEBD700DD9C1A /* RecentFilesMenuTemplate.nib in Resources */,
			);
			runOnlyForDeploymentPostprocessing = 0;
		};
/* End PBXResourcesBuildPhase section */

/* Begin PBXRezBuildPhase section */
		B4F012F65FCAFD3CF988715D /* Rez */ = {
			isa = PBXRezBuildPhase;
			buildActionMask = 2147483647;
			files = (
				EC740720B5FFC10D1BE165B4 /* include_juce_audio_plugin_client_AU.r in Rez */,
			);
			runOnlyForDeploymentPostprocessing = 0;
		};
/* End PBXRezBuildPhase section */

/* Begin PBXSourcesBuildPhase section */
		3CF9FD711A5DD093F7B6D713 /* Sources */ = {
			isa = PBXSourcesBuildPhase;
			buildActionMask = 2147483647;
			files = (
				56F4FB8A19CB6B4A7FACD134 /* PluginProcessor.cpp in Sources */,
				C44CDA244743228A538A7AD6 /* PluginEditor.cpp in Sources */,
				2F073B12D67E290859C5001D /* include_dRowAudio.mm in Sources */,
				E62003B6B1648A2E8A465602 /* include_juce_audio_basics.mm in Sources */,
				1F3C19E80BE165981C8F1AC3 /* include_juce_audio_devices.mm in Sources */,
				A379107C7923A2CF3471677B /* include_juce_audio_formats.mm in Sources */,
				4771E25BFDB19CC3B57868CE /* include_juce_audio_plugin_client_utils.cpp in Sources */,
				E0943D4B5A2D9D851C1F0D46 /* include_juce_audio_plugin_client_VST_utils.mm in Sources */,
				662B4CB2F015141D76A16E39 /* include_juce_audio_processors.mm in Sources */,
				38A6D5710A1F799D9C94937A /* include_juce_audio_utils.mm in Sources */,
				A248FF0D5C37719637AE25A0 /* include_juce_core.mm in Sources */,
				7D1652A348B7C37918A7BC86 /* include_juce_cryptography.mm in Sources */,
				B9D936BF900DFEB365E44748 /* include_juce_data_structures.mm in Sources */,
				4E22C008ED1DE2591CC061BF /* include_juce_events.mm in Sources */,
				AE03005BC0EB2356C056CEF9 /* include_juce_graphics.mm in Sources */,
				3CB2CBE85CDD28335CC4A3DD /* include_juce_gui_basics.mm in Sources */,
				646E36C38DF6F6A70451D342 /* include_juce_gui_extra.mm in Sources */,
				D46AB8FF8244FD4AABB14051 /* include_juce_opengl.mm in Sources */,
				21C062534D4AD9B0C9218133 /* include_juce_video.mm in Sources */,
			);
			runOnlyForDeploymentPostprocessing = 0;
		};
		7AF8E9CBB18EAB33DEBBB691 /* Sources */ = {
			isa = PBXSourcesBuildPhase;
			buildActionMask = 2147483647;
			files = (
				0932A8C6E8EE4BF9ED9146A3 /* include_juce_audio_plugin_client_Standalone.cpp in Sources */,
				405FE5D9204FEE7000DD9C1A /* PluginEditor.cpp in Sources */,
			);
			runOnlyForDeploymentPostprocessing = 0;
		};
		99C2119BE401AC19A4E4274C /* Sources */ = {
			isa = PBXSourcesBuildPhase;
			buildActionMask = 2147483647;
			files = (
				DE7156F73CD977C0973AFC98 /* include_juce_audio_plugin_client_VST2.cpp in Sources */,
			);
			runOnlyForDeploymentPostprocessing = 0;
		};
		DE7F6C4E26246D760C60D202 /* Sources */ = {
			isa = PBXSourcesBuildPhase;
			buildActionMask = 2147483647;
			files = (
				A0DC8D3E69D4C0FF5412AA3F /* include_juce_audio_plugin_client_AU_1.mm in Sources */,
				6D03DCF20756B3BAD191349B /* include_juce_audio_plugin_client_AU_2.mm in Sources */,
			);
			runOnlyForDeploymentPostprocessing = 0;
		};
/* End PBXSourcesBuildPhase section */

/* Begin PBXTargetDependency section */
		0B66721BBF7667CA53100848 /* PBXTargetDependency */ = {
			isa = PBXTargetDependency;
			target = 6C971AA5FB5A03F2FF088DAE /* Vacancy - VST */;
			targetProxy = 405FE5D5204FEBD700DD9C1A /* PBXContainerItemProxy */;
		};
		1A402B63ADB07EBA985A4397 /* PBXTargetDependency */ = {
			isa = PBXTargetDependency;
			target = F8C5A451FAE780F2590E5F27 /* Vacancy - AU */;
			targetProxy = 405FE5D7204FEBD700DD9C1A /* PBXContainerItemProxy */;
		};
		BCB323098BC5EBC3A52FEA46 /* PBXTargetDependency */ = {
			isa = PBXTargetDependency;
			target = E74B1C45B06B61F695689C5B /* Vacancy - Standalone Plugin */;
			targetProxy = 405FE5D8204FEBD700DD9C1A /* PBXContainerItemProxy */;
		};
		E02C05FBABDAC81026C8EC30 /* PBXTargetDependency */ = {
			isa = PBXTargetDependency;
			target = 185A446C43BF0C4B97C63B6A /* Vacancy - Shared Code */;
			targetProxy = 405FE5D6204FEBD700DD9C1A /* PBXContainerItemProxy */;
		};
/* End PBXTargetDependency section */

/* Begin XCBuildConfiguration section */
		0334A704D5137734D04ABA59 /* Release */ = {
			isa = XCBuildConfiguration;
			buildSettings = {
				CLANG_CXX_LANGUAGE_STANDARD = "c++14";
				CLANG_LINK_OBJC_RUNTIME = NO;
				COMBINE_HIDPI_IMAGES = YES;
				CONFIGURATION_BUILD_DIR = "$(PROJECT_DIR)/build/$(CONFIGURATION)";
				DEAD_CODE_STRIPPING = YES;
				DEPLOYMENT_LOCATION = YES;
				DSTROOT = /;
				GCC_GENERATE_DEBUGGING_SYMBOLS = NO;
				GCC_OPTIMIZATION_LEVEL = 3;
				GCC_PREPROCESSOR_DEFINITIONS = (
					"_NDEBUG=1",
					"NDEBUG=1",
					"JUCER_XCODE_MAC_F6D2F4CF=1",
					"JUCE_APP_VERSION=0.0.1",
					"JUCE_APP_VERSION_HEX=0x1",
					"JucePlugin_Build_VST=0",
					"JucePlugin_Build_VST3=0",
					"JucePlugin_Build_AU=1",
					"JucePlugin_Build_AUv3=0",
					"JucePlugin_Build_RTAS=0",
					"JucePlugin_Build_AAX=0",
					"JucePlugin_Build_Standalone=0",
				);
				GCC_SYMBOLS_PRIVATE_EXTERN = YES;
				GCC_VERSION = com.apple.compilers.llvm.clang.1_0;
				GENERATE_PKGINFO_FILE = YES;
				HEADER_SEARCH_PATHS = (
					../../JuceLibraryCode,
					../../../../../../Applications/JUCE/modules,
					../../../../../../Applications/JUCE/modules/juce_audio_plugin_client,
					"$(inherited)",
				);
				INFOPLIST_FILE = "Info-AU.plist";
				INFOPLIST_PREPROCESS = NO;
				INSTALL_PATH = "$(HOME)/Library/Audio/Plug-Ins/Components/";
				LIBRARY_STYLE = Bundle;
				LLVM_LTO = YES;
				MACOSX_DEPLOYMENT_TARGET = 10.11;
				MACOSX_DEPLOYMENT_TARGET_ppc = 10.4;
				OTHER_LDFLAGS = (
					"-bundle",
					"-lVacancy",
				);
				OTHER_REZFLAGS = "-d ppc_$ppc -d i386_$i386 -d ppc64_$ppc64 -d x86_64_$x86_64 -I /System/Library/Frameworks/CoreServices.framework/Frameworks/CarbonCore.framework/Versions/A/Headers -I \"$(DEVELOPER_DIR)/Extras/CoreAudio/AudioUnits/AUPublic/AUBase\"";
				PRODUCT_BUNDLE_IDENTIFIER = com.yourcompany.Vacancy;
				SDKROOT_ppc = macosx10.5;
				USE_HEADERMAP = NO;
				WRAPPER_EXTENSION = component;
			};
			name = Release;
		};
		43C55660CB5AEFEFA9144775 /* Release */ = {
			isa = XCBuildConfiguration;
			buildSettings = {
				CLANG_CXX_LANGUAGE_STANDARD = "c++14";
				CLANG_LINK_OBJC_RUNTIME = NO;
				COMBINE_HIDPI_IMAGES = YES;
				CONFIGURATION_BUILD_DIR = "$(PROJECT_DIR)/build/$(CONFIGURATION)";
				DEAD_CODE_STRIPPING = YES;
				DEPLOYMENT_LOCATION = YES;
				DSTROOT = /;
				GCC_GENERATE_DEBUGGING_SYMBOLS = NO;
				GCC_OPTIMIZATION_LEVEL = 3;
				GCC_PREPROCESSOR_DEFINITIONS = (
					"_NDEBUG=1",
					"NDEBUG=1",
					"JUCER_XCODE_MAC_F6D2F4CF=1",
					"JUCE_APP_VERSION=0.0.1",
					"JUCE_APP_VERSION_HEX=0x1",
					"JucePlugin_Build_VST=1",
					"JucePlugin_Build_VST3=0",
					"JucePlugin_Build_AU=0",
					"JucePlugin_Build_AUv3=0",
					"JucePlugin_Build_RTAS=0",
					"JucePlugin_Build_AAX=0",
					"JucePlugin_Build_Standalone=0",
				);
				GCC_SYMBOLS_PRIVATE_EXTERN = YES;
				GCC_VERSION = com.apple.compilers.llvm.clang.1_0;
				GENERATE_PKGINFO_FILE = YES;
				HEADER_SEARCH_PATHS = (
					../../JuceLibraryCode,
					../../../../../../Applications/JUCE/modules,
					../../../../../../Applications/JUCE/modules/juce_audio_plugin_client,
					"$(inherited)",
				);
				INFOPLIST_FILE = "Info-VST.plist";
				INFOPLIST_PREPROCESS = NO;
				INSTALL_PATH = "$(HOME)/Library/Audio/Plug-Ins/VST/";
				LIBRARY_STYLE = Bundle;
				LLVM_LTO = YES;
				MACOSX_DEPLOYMENT_TARGET = 10.11;
				MACOSX_DEPLOYMENT_TARGET_ppc = 10.4;
				OTHER_LDFLAGS = (
					"-bundle",
					"-lVacancy",
				);
				PRODUCT_BUNDLE_IDENTIFIER = com.yourcompany.Vacancy;
				SDKROOT_ppc = macosx10.5;
				USE_HEADERMAP = NO;
				WRAPPER_EXTENSION = vst;
			};
			name = Release;
		};
		7868B240A5F34EA0B50688E3 /* Release */ = {
			isa = XCBuildConfiguration;
			buildSettings = {
				CLANG_CXX_LANGUAGE_STANDARD = "c++14";
				CLANG_LINK_OBJC_RUNTIME = NO;
				COMBINE_HIDPI_IMAGES = YES;
				CONFIGURATION_BUILD_DIR = "$(PROJECT_DIR)/build/$(CONFIGURATION)";
				DEAD_CODE_STRIPPING = YES;
				GCC_GENERATE_DEBUGGING_SYMBOLS = NO;
				GCC_OPTIMIZATION_LEVEL = 3;
				GCC_PREPROCESSOR_DEFINITIONS = (
					"_NDEBUG=1",
					"NDEBUG=1",
					"JUCER_XCODE_MAC_F6D2F4CF=1",
					"JUCE_APP_VERSION=0.0.1",
					"JUCE_APP_VERSION_HEX=0x1",
					"JucePlugin_Build_VST=1",
					"JucePlugin_Build_VST3=0",
					"JucePlugin_Build_AU=1",
					"JucePlugin_Build_AUv3=0",
					"JucePlugin_Build_RTAS=0",
					"JucePlugin_Build_AAX=0",
					"JucePlugin_Build_Standalone=1",
					"JUCE_SHARED_CODE=1",
				);
				GCC_SYMBOLS_PRIVATE_EXTERN = YES;
				GCC_VERSION = com.apple.compilers.llvm.clang.1_0;
				HEADER_SEARCH_PATHS = (
					../../JuceLibraryCode,
					../../../../../../Applications/JUCE/modules,
					../../../../../../Applications/JUCE/modules/juce_audio_plugin_client,
					"$(inherited)",
				);
				INSTALL_PATH = "@executable_path/../Frameworks";
				LLVM_LTO = YES;
				MACOSX_DEPLOYMENT_TARGET = 10.11;
				MACOSX_DEPLOYMENT_TARGET_ppc = 10.4;
				PRODUCT_BUNDLE_IDENTIFIER = com.yourcompany.Vacancy;
				SDKROOT_ppc = macosx10.5;
				USE_HEADERMAP = NO;
			};
			name = Release;
		};
		7B22AF2522DA23B4B82D7B5A /* Release */ = {
			isa = XCBuildConfiguration;
			buildSettings = {
				MACOSX_DEPLOYMENT_TARGET = 10.11;
			};
			name = Release;
		};
		803796B5F1530A1206517B3E /* Debug */ = {
			isa = XCBuildConfiguration;
			buildSettings = {
				CLANG_CXX_LANGUAGE_STANDARD = "c++14";
				CLANG_LINK_OBJC_RUNTIME = NO;
				COMBINE_HIDPI_IMAGES = YES;
				CONFIGURATION_BUILD_DIR = "$(PROJECT_DIR)/build/$(CONFIGURATION)";
				COPY_PHASE_STRIP = NO;
				GCC_DYNAMIC_NO_PIC = NO;
				GCC_OPTIMIZATION_LEVEL = 0;
				GCC_PREPROCESSOR_DEFINITIONS = (
					"_DEBUG=1",
					"DEBUG=1",
					"JUCER_XCODE_MAC_F6D2F4CF=1",
					"JUCE_APP_VERSION=0.0.1",
					"JUCE_APP_VERSION_HEX=0x1",
					"JucePlugin_Build_VST=0",
					"JucePlugin_Build_VST3=0",
					"JucePlugin_Build_AU=0",
					"JucePlugin_Build_AUv3=0",
					"JucePlugin_Build_RTAS=0",
					"JucePlugin_Build_AAX=0",
					"JucePlugin_Build_Standalone=1",
				);
				GCC_VERSION = com.apple.compilers.llvm.clang.1_0;
				HEADER_SEARCH_PATHS = (
					../../JuceLibraryCode,
					../../../../../../Applications/JUCE/modules,
					../../../../../../Applications/JUCE/modules/juce_audio_plugin_client,
					"$(inherited)",
				);
				INFOPLIST_FILE = "Info-Standalone_Plugin.plist";
				INFOPLIST_PREPROCESS = NO;
				MACOSX_DEPLOYMENT_TARGET = 10.11;
				MACOSX_DEPLOYMENT_TARGET_ppc = 10.4;
				OTHER_LDFLAGS = "-lVacancy";
				PRODUCT_BUNDLE_IDENTIFIER = com.yourcompany.Vacancy;
				SDKROOT_ppc = macosx10.5;
				USE_HEADERMAP = NO;
			};
			name = Debug;
		};
		9DAA229B2338F84FF58AB6B6 /* Debug */ = {
			isa = XCBuildConfiguration;
			buildSettings = {
				MACOSX_DEPLOYMENT_TARGET = 10.11;
			};
			name = Debug;
		};
		9EC428FE64EF2B03D9861890 /* Debug */ = {
			isa = XCBuildConfiguration;
			buildSettings = {
				CLANG_CXX_LANGUAGE_STANDARD = "c++14";
				CLANG_LINK_OBJC_RUNTIME = NO;
				COMBINE_HIDPI_IMAGES = YES;
				CONFIGURATION_BUILD_DIR = "$(PROJECT_DIR)/build/$(CONFIGURATION)";
				COPY_PHASE_STRIP = NO;
				DEPLOYMENT_LOCATION = YES;
				DSTROOT = /;
				GCC_DYNAMIC_NO_PIC = NO;
				GCC_OPTIMIZATION_LEVEL = 0;
				GCC_PREPROCESSOR_DEFINITIONS = (
					"_DEBUG=1",
					"DEBUG=1",
					"JUCER_XCODE_MAC_F6D2F4CF=1",
					"JUCE_APP_VERSION=0.0.1",
					"JUCE_APP_VERSION_HEX=0x1",
					"JucePlugin_Build_VST=0",
					"JucePlugin_Build_VST3=0",
					"JucePlugin_Build_AU=1",
					"JucePlugin_Build_AUv3=0",
					"JucePlugin_Build_RTAS=0",
					"JucePlugin_Build_AAX=0",
					"JucePlugin_Build_Standalone=0",
				);
				GCC_VERSION = com.apple.compilers.llvm.clang.1_0;
				GENERATE_PKGINFO_FILE = YES;
				HEADER_SEARCH_PATHS = (
					../../JuceLibraryCode,
					../../../../../../Applications/JUCE/modules,
					../../../../../../Applications/JUCE/modules/juce_audio_plugin_client,
					"$(inherited)",
				);
				INFOPLIST_FILE = "Info-AU.plist";
				INFOPLIST_PREPROCESS = NO;
				INSTALL_PATH = "$(HOME)/Library/Audio/Plug-Ins/Components/";
				LIBRARY_STYLE = Bundle;
				MACOSX_DEPLOYMENT_TARGET = 10.11;
				MACOSX_DEPLOYMENT_TARGET_ppc = 10.4;
				OTHER_LDFLAGS = (
					"-bundle",
					"-lVacancy",
				);
				OTHER_REZFLAGS = "-d ppc_$ppc -d i386_$i386 -d ppc64_$ppc64 -d x86_64_$x86_64 -I /System/Library/Frameworks/CoreServices.framework/Frameworks/CarbonCore.framework/Versions/A/Headers -I \"$(DEVELOPER_DIR)/Extras/CoreAudio/AudioUnits/AUPublic/AUBase\"";
				PRODUCT_BUNDLE_IDENTIFIER = com.yourcompany.Vacancy;
				SDKROOT_ppc = macosx10.5;
				USE_HEADERMAP = NO;
				WRAPPER_EXTENSION = component;
			};
			name = Debug;
		};
		AE2E7C794C7956D80CE4CADF /* Debug */ = {
			isa = XCBuildConfiguration;
			buildSettings = {
				ALWAYS_SEARCH_USER_PATHS = NO;
				CLANG_WARN_BLOCK_CAPTURE_AUTORELEASING = YES;
				CLANG_WARN_BOOL_CONVERSION = YES;
				CLANG_WARN_COMMA = YES;
				CLANG_WARN_CONSTANT_CONVERSION = YES;
				CLANG_WARN_EMPTY_BODY = YES;
				CLANG_WARN_ENUM_CONVERSION = YES;
				CLANG_WARN_INFINITE_RECURSION = YES;
				CLANG_WARN_INT_CONVERSION = YES;
				CLANG_WARN_NON_LITERAL_NULL_CONVERSION = YES;
				CLANG_WARN_OBJC_LITERAL_CONVERSION = YES;
				CLANG_WARN_RANGE_LOOP_ANALYSIS = YES;
				CLANG_WARN_STRICT_PROTOTYPES = YES;
				CLANG_WARN_SUSPICIOUS_MOVE = YES;
				CLANG_WARN_UNREACHABLE_CODE = YES;
				CLANG_WARN__DUPLICATE_METHOD_MATCH = YES;
				DEBUG_INFORMATION_FORMAT = dwarf;
				ENABLE_STRICT_OBJC_MSGSEND = YES;
				ENABLE_TESTABILITY = YES;
				GCC_C_LANGUAGE_STANDARD = c11;
				GCC_INLINES_ARE_PRIVATE_EXTERN = YES;
				GCC_MODEL_TUNING = G5;
				GCC_NO_COMMON_BLOCKS = YES;
				GCC_WARN_64_TO_32_BIT_CONVERSION = YES;
				GCC_WARN_ABOUT_RETURN_TYPE = YES;
				GCC_WARN_CHECK_SWITCH_STATEMENTS = YES;
				GCC_WARN_MISSING_PARENTHESES = YES;
				GCC_WARN_NON_VIRTUAL_DESTRUCTOR = YES;
				GCC_WARN_TYPECHECK_CALLS_TO_PRINTF = YES;
				GCC_WARN_UNDECLARED_SELECTOR = YES;
				GCC_WARN_UNINITIALIZED_AUTOS = YES;
				GCC_WARN_UNUSED_FUNCTION = YES;
				GCC_WARN_UNUSED_VARIABLE = YES;
				ONLY_ACTIVE_ARCH = YES;
				PRODUCT_NAME = Vacancy;
				WARNING_CFLAGS = "-Wreorder";
				ZERO_LINK = NO;
			};
			name = Debug;
		};
		C1697CAAAE3AFFC264788C47 /* Release */ = {
			isa = XCBuildConfiguration;
			buildSettings = {
				CLANG_CXX_LANGUAGE_STANDARD = "c++14";
				CLANG_LINK_OBJC_RUNTIME = NO;
				COMBINE_HIDPI_IMAGES = YES;
				CONFIGURATION_BUILD_DIR = "$(PROJECT_DIR)/build/$(CONFIGURATION)";
				DEAD_CODE_STRIPPING = YES;
				GCC_GENERATE_DEBUGGING_SYMBOLS = NO;
				GCC_OPTIMIZATION_LEVEL = 3;
				GCC_PREPROCESSOR_DEFINITIONS = (
					"_NDEBUG=1",
					"NDEBUG=1",
					"JUCER_XCODE_MAC_F6D2F4CF=1",
					"JUCE_APP_VERSION=0.0.1",
					"JUCE_APP_VERSION_HEX=0x1",
					"JucePlugin_Build_VST=0",
					"JucePlugin_Build_VST3=0",
					"JucePlugin_Build_AU=0",
					"JucePlugin_Build_AUv3=0",
					"JucePlugin_Build_RTAS=0",
					"JucePlugin_Build_AAX=0",
					"JucePlugin_Build_Standalone=1",
				);
				GCC_SYMBOLS_PRIVATE_EXTERN = YES;
				GCC_VERSION = com.apple.compilers.llvm.clang.1_0;
				HEADER_SEARCH_PATHS = (
					../../JuceLibraryCode,
					../../../../../../Applications/JUCE/modules,
					../../../../../../Applications/JUCE/modules/juce_audio_plugin_client,
					"$(inherited)",
				);
				INFOPLIST_FILE = "Info-Standalone_Plugin.plist";
				INFOPLIST_PREPROCESS = NO;
				LLVM_LTO = YES;
				MACOSX_DEPLOYMENT_TARGET = 10.11;
				MACOSX_DEPLOYMENT_TARGET_ppc = 10.4;
				OTHER_LDFLAGS = "-lVacancy";
				PRODUCT_BUNDLE_IDENTIFIER = com.yourcompany.Vacancy;
				SDKROOT_ppc = macosx10.5;
				USE_HEADERMAP = NO;
			};
			name = Release;
		};
		C249663DA423C94793E5857A /* Release */ = {
			isa = XCBuildConfiguration;
			buildSettings = {
				ALWAYS_SEARCH_USER_PATHS = NO;
				CLANG_WARN_BLOCK_CAPTURE_AUTORELEASING = YES;
				CLANG_WARN_BOOL_CONVERSION = YES;
				CLANG_WARN_COMMA = YES;
				CLANG_WARN_CONSTANT_CONVERSION = YES;
				CLANG_WARN_EMPTY_BODY = YES;
				CLANG_WARN_ENUM_CONVERSION = YES;
				CLANG_WARN_INFINITE_RECURSION = YES;
				CLANG_WARN_INT_CONVERSION = YES;
				CLANG_WARN_NON_LITERAL_NULL_CONVERSION = YES;
				CLANG_WARN_OBJC_LITERAL_CONVERSION = YES;
				CLANG_WARN_RANGE_LOOP_ANALYSIS = YES;
				CLANG_WARN_STRICT_PROTOTYPES = YES;
				CLANG_WARN_SUSPICIOUS_MOVE = YES;
				CLANG_WARN_UNREACHABLE_CODE = YES;
				CLANG_WARN__DUPLICATE_METHOD_MATCH = YES;
				DEBUG_INFORMATION_FORMAT = dwarf;
				ENABLE_STRICT_OBJC_MSGSEND = YES;
				GCC_C_LANGUAGE_STANDARD = c11;
				GCC_INLINES_ARE_PRIVATE_EXTERN = YES;
				GCC_MODEL_TUNING = G5;
				GCC_NO_COMMON_BLOCKS = YES;
				GCC_WARN_64_TO_32_BIT_CONVERSION = YES;
				GCC_WARN_ABOUT_RETURN_TYPE = YES;
				GCC_WARN_CHECK_SWITCH_STATEMENTS = YES;
				GCC_WARN_MISSING_PARENTHESES = YES;
				GCC_WARN_NON_VIRTUAL_DESTRUCTOR = YES;
				GCC_WARN_TYPECHECK_CALLS_TO_PRINTF = YES;
				GCC_WARN_UNDECLARED_SELECTOR = YES;
				GCC_WARN_UNINITIALIZED_AUTOS = YES;
				GCC_WARN_UNUSED_FUNCTION = YES;
				GCC_WARN_UNUSED_VARIABLE = YES;
				PRODUCT_NAME = Vacancy;
				WARNING_CFLAGS = "-Wreorder";
				ZERO_LINK = NO;
			};
			name = Release;
		};
		DD546879C3FB8834C4DE7CB3 /* Debug */ = {
			isa = XCBuildConfiguration;
			buildSettings = {
				CLANG_CXX_LANGUAGE_STANDARD = "c++14";
				CLANG_LINK_OBJC_RUNTIME = NO;
				COMBINE_HIDPI_IMAGES = YES;
				CONFIGURATION_BUILD_DIR = "$(PROJECT_DIR)/build/$(CONFIGURATION)";
				COPY_PHASE_STRIP = NO;
				GCC_DYNAMIC_NO_PIC = NO;
				GCC_OPTIMIZATION_LEVEL = 0;
				GCC_PREPROCESSOR_DEFINITIONS = (
					"_DEBUG=1",
					"DEBUG=1",
					"JUCER_XCODE_MAC_F6D2F4CF=1",
					"JUCE_APP_VERSION=0.0.1",
					"JUCE_APP_VERSION_HEX=0x1",
					"JucePlugin_Build_VST=1",
					"JucePlugin_Build_VST3=0",
					"JucePlugin_Build_AU=1",
					"JucePlugin_Build_AUv3=0",
					"JucePlugin_Build_RTAS=0",
					"JucePlugin_Build_AAX=0",
					"JucePlugin_Build_Standalone=1",
					"JUCE_SHARED_CODE=1",
				);
				GCC_VERSION = com.apple.compilers.llvm.clang.1_0;
				HEADER_SEARCH_PATHS = (
					../../JuceLibraryCode,
					../../../../../../Applications/JUCE/modules,
					../../../../../../Applications/JUCE/modules/juce_audio_plugin_client,
					"$(inherited)",
				);
				INSTALL_PATH = "@executable_path/../Frameworks";
				MACOSX_DEPLOYMENT_TARGET = 10.11;
				MACOSX_DEPLOYMENT_TARGET_ppc = 10.4;
				PRODUCT_BUNDLE_IDENTIFIER = com.yourcompany.Vacancy;
				SDKROOT_ppc = macosx10.5;
				USE_HEADERMAP = NO;
			};
			name = Debug;
		};
		E37548DFBEA7B46B26909B97 /* Debug */ = {
			isa = XCBuildConfiguration;
			buildSettings = {
				CLANG_CXX_LANGUAGE_STANDARD = "c++14";
				CLANG_LINK_OBJC_RUNTIME = NO;
				COMBINE_HIDPI_IMAGES = YES;
				CONFIGURATION_BUILD_DIR = "$(PROJECT_DIR)/build/$(CONFIGURATION)";
				COPY_PHASE_STRIP = NO;
				DEPLOYMENT_LOCATION = YES;
				DSTROOT = /;
				GCC_DYNAMIC_NO_PIC = NO;
				GCC_OPTIMIZATION_LEVEL = 0;
				GCC_PREPROCESSOR_DEFINITIONS = (
					"_DEBUG=1",
					"DEBUG=1",
					"JUCER_XCODE_MAC_F6D2F4CF=1",
					"JUCE_APP_VERSION=0.0.1",
					"JUCE_APP_VERSION_HEX=0x1",
					"JucePlugin_Build_VST=1",
					"JucePlugin_Build_VST3=0",
					"JucePlugin_Build_AU=0",
					"JucePlugin_Build_AUv3=0",
					"JucePlugin_Build_RTAS=0",
					"JucePlugin_Build_AAX=0",
					"JucePlugin_Build_Standalone=0",
				);
				GCC_VERSION = com.apple.compilers.llvm.clang.1_0;
				GENERATE_PKGINFO_FILE = YES;
				HEADER_SEARCH_PATHS = (
					../../JuceLibraryCode,
					../../../../../../Applications/JUCE/modules,
					../../../../../../Applications/JUCE/modules/juce_audio_plugin_client,
					"$(inherited)",
				);
				INFOPLIST_FILE = "Info-VST.plist";
				INFOPLIST_PREPROCESS = NO;
				INSTALL_PATH = "$(HOME)/Library/Audio/Plug-Ins/VST/";
				LIBRARY_STYLE = Bundle;
				MACOSX_DEPLOYMENT_TARGET = 10.11;
				MACOSX_DEPLOYMENT_TARGET_ppc = 10.4;
				OTHER_LDFLAGS = (
					"-bundle",
					"-lVacancy",
				);
				PRODUCT_BUNDLE_IDENTIFIER = com.yourcompany.Vacancy;
				SDKROOT_ppc = macosx10.5;
				USE_HEADERMAP = NO;
				WRAPPER_EXTENSION = vst;
			};
			name = Debug;
		};
/* End XCBuildConfiguration section */

/* Begin XCConfigurationList section */
		11C6A0CFE20E92E58CA09811 /* Build configuration list for PBXProject "vacancy" */ = {
			isa = XCConfigurationList;
			buildConfigurations = (
				AE2E7C794C7956D80CE4CADF /* Debug */,
				C249663DA423C94793E5857A /* Release */,
			);
			defaultConfigurationIsVisible = 0;
			defaultConfigurationName = Debug;
		};
		382C97624EDA0435E75DDAA7 /* Build configuration list for PBXAggregateTarget "Vacancy - All" */ = {
			isa = XCConfigurationList;
			buildConfigurations = (
				9DAA229B2338F84FF58AB6B6 /* Debug */,
				7B22AF2522DA23B4B82D7B5A /* Release */,
			);
			defaultConfigurationIsVisible = 0;
			defaultConfigurationName = Debug;
		};
		596FD5BE1190EF5EE0632A71 /* Build configuration list for PBXNativeTarget "Vacancy - Standalone Plugin" */ = {
			isa = XCConfigurationList;
			buildConfigurations = (
				803796B5F1530A1206517B3E /* Debug */,
				C1697CAAAE3AFFC264788C47 /* Release */,
			);
			defaultConfigurationIsVisible = 0;
			defaultConfigurationName = Debug;
		};
		96E4073465274207A8FFA239 /* Build configuration list for PBXNativeTarget "Vacancy - Shared Code" */ = {
			isa = XCConfigurationList;
			buildConfigurations = (
				DD546879C3FB8834C4DE7CB3 /* Debug */,
				7868B240A5F34EA0B50688E3 /* Release */,
			);
			defaultConfigurationIsVisible = 0;
			defaultConfigurationName = Debug;
		};
		9A246CDBEF9CFC3E86AF87D3 /* Build configuration list for PBXNativeTarget "Vacancy - VST" */ = {
			isa = XCConfigurationList;
			buildConfigurations = (
				E37548DFBEA7B46B26909B97 /* Debug */,
				43C55660CB5AEFEFA9144775 /* Release */,
			);
			defaultConfigurationIsVisible = 0;
			defaultConfigurationName = Debug;
		};
		BD0176C8F9B75E1A1144920E /* Build configuration list for PBXNativeTarget "Vacancy - AU" */ = {
			isa = XCConfigurationList;
			buildConfigurations = (
				9EC428FE64EF2B03D9861890 /* Debug */,
				0334A704D5137734D04ABA59 /* Release */,
			);
			defaultConfigurationIsVisible = 0;
			defaultConfigurationName = Debug;
		};
/* End XCConfigurationList section */
	};
	rootObject = 2EFE0D3F528E5C810E56C097 /* Project object */;
}
